// !$*UTF8*$!
{
	archiveVersion = 1;
	classes = {
	};
	objectVersion = 46;
	objects = {

/* Begin PBXBuildFile section */
		62178B511E09844B00A2F649 /* JLReleaseTaskTop.xib in Resources */ = {isa = PBXBuildFile; fileRef = 62178B501E09844B00A2F649 /* JLReleaseTaskTop.xib */; };
		BA2B84551DF943E10054C9B8 /* main.m in Sources */ = {isa = PBXBuildFile; fileRef = BA2B84541DF943E10054C9B8 /* main.m */; };
		BA2B84581DF943E10054C9B8 /* AppDelegate.m in Sources */ = {isa = PBXBuildFile; fileRef = BA2B84571DF943E10054C9B8 /* AppDelegate.m */; };
		BA2B845B1DF943E10054C9B8 /* ViewController.m in Sources */ = {isa = PBXBuildFile; fileRef = BA2B845A1DF943E10054C9B8 /* ViewController.m */; };
		BA2B845E1DF943E10054C9B8 /* Main.storyboard in Resources */ = {isa = PBXBuildFile; fileRef = BA2B845C1DF943E10054C9B8 /* Main.storyboard */; };
		BA2B84601DF943E10054C9B8 /* Assets.xcassets in Resources */ = {isa = PBXBuildFile; fileRef = BA2B845F1DF943E10054C9B8 /* Assets.xcassets */; };
		BA2B84631DF943E10054C9B8 /* LaunchScreen.storyboard in Resources */ = {isa = PBXBuildFile; fileRef = BA2B84611DF943E10054C9B8 /* LaunchScreen.storyboard */; };
		BA2B846E1DF943E10054C9B8 /* AgriculturalstationTests.m in Sources */ = {isa = PBXBuildFile; fileRef = BA2B846D1DF943E10054C9B8 /* AgriculturalstationTests.m */; };
		BA2B84791DF943E10054C9B8 /* AgriculturalstationUITests.m in Sources */ = {isa = PBXBuildFile; fileRef = BA2B84781DF943E10054C9B8 /* AgriculturalstationUITests.m */; };
		BA2B84AB1DF966D50054C9B8 /* JLTabBarController.m in Sources */ = {isa = PBXBuildFile; fileRef = BA2B84AA1DF966D50054C9B8 /* JLTabBarController.m */; };
		BA50589A1DFF8B3300E9C010 /* JLNavigationController.m in Sources */ = {isa = PBXBuildFile; fileRef = BA5058991DFF8B3300E9C010 /* JLNavigationController.m */; };
		BABED8D51E04DC0500B38476 /* JLMineMessageModel.m in Sources */ = {isa = PBXBuildFile; fileRef = BABED8D41E04DC0500B38476 /* JLMineMessageModel.m */; };
		BABED8D81E04E67C00B38476 /* JLReleaseTaskModel.m in Sources */ = {isa = PBXBuildFile; fileRef = BABED8D71E04E67C00B38476 /* JLReleaseTaskModel.m */; };
		BABED8F21E04E7A500B38476 /* Info.plist in Resources */ = {isa = PBXBuildFile; fileRef = BABED8DC1E04E7A500B38476 /* Info.plist */; };
		BABED8F31E04E7A500B38476 /* MJExtensionConst.m in Sources */ = {isa = PBXBuildFile; fileRef = BABED8DF1E04E7A500B38476 /* MJExtensionConst.m */; };
		BABED8F41E04E7A500B38476 /* MJFoundation.m in Sources */ = {isa = PBXBuildFile; fileRef = BABED8E11E04E7A500B38476 /* MJFoundation.m */; };
		BABED8F51E04E7A500B38476 /* MJProperty.m in Sources */ = {isa = PBXBuildFile; fileRef = BABED8E31E04E7A500B38476 /* MJProperty.m */; };
		BABED8F61E04E7A500B38476 /* MJPropertyKey.m in Sources */ = {isa = PBXBuildFile; fileRef = BABED8E51E04E7A500B38476 /* MJPropertyKey.m */; };
		BABED8F71E04E7A500B38476 /* MJPropertyType.m in Sources */ = {isa = PBXBuildFile; fileRef = BABED8E71E04E7A500B38476 /* MJPropertyType.m */; };
		BABED8F81E04E7A500B38476 /* NSObject+MJClass.m in Sources */ = {isa = PBXBuildFile; fileRef = BABED8E91E04E7A500B38476 /* NSObject+MJClass.m */; };
		BABED8F91E04E7A500B38476 /* NSObject+MJCoding.m in Sources */ = {isa = PBXBuildFile; fileRef = BABED8EB1E04E7A500B38476 /* NSObject+MJCoding.m */; };
		BABED8FA1E04E7A500B38476 /* NSObject+MJKeyValue.m in Sources */ = {isa = PBXBuildFile; fileRef = BABED8ED1E04E7A500B38476 /* NSObject+MJKeyValue.m */; };
		BABED8FB1E04E7A500B38476 /* NSObject+MJProperty.m in Sources */ = {isa = PBXBuildFile; fileRef = BABED8EF1E04E7A500B38476 /* NSObject+MJProperty.m */; };
		BABED8FC1E04E7A500B38476 /* NSString+MJExtension.m in Sources */ = {isa = PBXBuildFile; fileRef = BABED8F11E04E7A500B38476 /* NSString+MJExtension.m */; };
		BABED8FF1E05109500B38476 /* JLTradeAlertsModel.m in Sources */ = {isa = PBXBuildFile; fileRef = BABED8FE1E05109500B38476 /* JLTradeAlertsModel.m */; };
		BABED9021E05117E00B38476 /* JLUserModel.m in Sources */ = {isa = PBXBuildFile; fileRef = BABED9011E05117E00B38476 /* JLUserModel.m */; };
		BABED9051E05133500B38476 /* JLBBSModel.m in Sources */ = {isa = PBXBuildFile; fileRef = BABED9041E05133500B38476 /* JLBBSModel.m */; };
		BABED9081E0513F600B38476 /* JLFarmModel.m in Sources */ = {isa = PBXBuildFile; fileRef = BABED9071E0513F600B38476 /* JLFarmModel.m */; };
		BABED90B1E05143600B38476 /* JLOwnerModel.m in Sources */ = {isa = PBXBuildFile; fileRef = BABED90A1E05143600B38476 /* JLOwnerModel.m */; };
		BACB09C01DFF8F110003861B /* JLBBSViewController.m in Sources */ = {isa = PBXBuildFile; fileRef = BACB09BF1DFF8F110003861B /* JLBBSViewController.m */; };
		BACB09C21DFF8F770003861B /* MineItem.plist in Resources */ = {isa = PBXBuildFile; fileRef = BACB09C11DFF8F770003861B /* MineItem.plist */; };
		BACB09C51DFF919D0003861B /* JLMineItem.m in Sources */ = {isa = PBXBuildFile; fileRef = BACB09C41DFF919D0003861B /* JLMineItem.m */; };
		BACB09C71DFFA76C0003861B /* JLMineInfo.xib in Resources */ = {isa = PBXBuildFile; fileRef = BACB09C61DFFA76C0003861B /* JLMineInfo.xib */; };
		BACB09CE1DFFD2E50003861B /* JLLoginViewController.m in Sources */ = {isa = PBXBuildFile; fileRef = BACB09CD1DFFD2E50003861B /* JLLoginViewController.m */; };
		BACB09D11DFFD3010003861B /* JLRegisterViewController.m in Sources */ = {isa = PBXBuildFile; fileRef = BACB09D01DFFD3010003861B /* JLRegisterViewController.m */; };
		BACD45C81E029E40007CA568 /* JLForgetPWDViewController.xib in Resources */ = {isa = PBXBuildFile; fileRef = BACD45C71E029E40007CA568 /* JLForgetPWDViewController.xib */; };
		BAD260491E07C7C700B47886 /* JLUserBaseInfoViewController.m in Sources */ = {isa = PBXBuildFile; fileRef = BAD260481E07C7C700B47886 /* JLUserBaseInfoViewController.m */; };
		BAD2604D1E07D8E800B47886 /* JLUserBaseInfo.xib in Resources */ = {isa = PBXBuildFile; fileRef = BAD2604C1E07D8E800B47886 /* JLUserBaseInfo.xib */; };
		BAD4B9851E03910D0050BCCA /* JLPersonalInfoViewController.m in Sources */ = {isa = PBXBuildFile; fileRef = BAD4B9831E03910D0050BCCA /* JLPersonalInfoViewController.m */; };
		BAD4B9861E03910D0050BCCA /* JLPersonalInfoViewController.xib in Resources */ = {isa = PBXBuildFile; fileRef = BAD4B9841E03910D0050BCCA /* JLPersonalInfoViewController.xib */; };
		BAD4B9891E0396F20050BCCA /* JLMineItemViewModel.m in Sources */ = {isa = PBXBuildFile; fileRef = BAD4B9881E0396F20050BCCA /* JLMineItemViewModel.m */; };
		BAD4B98C1E039D490050BCCA /* JLMineReleaseTaskViewController.m in Sources */ = {isa = PBXBuildFile; fileRef = BAD4B98B1E039D490050BCCA /* JLMineReleaseTaskViewController.m */; };
		BAD4B9901E039DDF0050BCCA /* JLAccountInfoViewController.m in Sources */ = {isa = PBXBuildFile; fileRef = BAD4B98E1E039DDF0050BCCA /* JLAccountInfoViewController.m */; };
		BAD4B9911E039DDF0050BCCA /* JLAccountInfoViewController.xib in Resources */ = {isa = PBXBuildFile; fileRef = BAD4B98F1E039DDF0050BCCA /* JLAccountInfoViewController.xib */; };
		BAD4B9951E03C0270050BCCA /* JLIdentityViewController.m in Sources */ = {isa = PBXBuildFile; fileRef = BAD4B9931E03C0270050BCCA /* JLIdentityViewController.m */; };
		BAD4B9961E03C0270050BCCA /* JLIdentityViewController.xib in Resources */ = {isa = PBXBuildFile; fileRef = BAD4B9941E03C0270050BCCA /* JLIdentityViewController.xib */; };
		BAD4B99A1E03C0560050BCCA /* JLBalancePayViewController.m in Sources */ = {isa = PBXBuildFile; fileRef = BAD4B9981E03C0560050BCCA /* JLBalancePayViewController.m */; };
		BAD4B99B1E03C0560050BCCA /* JLBalancePayViewController.xib in Resources */ = {isa = PBXBuildFile; fileRef = BAD4B9991E03C0560050BCCA /* JLBalancePayViewController.xib */; };
		BAD4B99F1E03C07E0050BCCA /* JLPWDManagementViewController.m in Sources */ = {isa = PBXBuildFile; fileRef = BAD4B99D1E03C07E0050BCCA /* JLPWDManagementViewController.m */; };
		BAD4B9A01E03C07E0050BCCA /* JLPWDManagementViewController.xib in Resources */ = {isa = PBXBuildFile; fileRef = BAD4B99E1E03C07E0050BCCA /* JLPWDManagementViewController.xib */; };
		BAD4B9A31E03C0A40050BCCA /* JLMineMessagesViewController.m in Sources */ = {isa = PBXBuildFile; fileRef = BAD4B9A21E03C0A40050BCCA /* JLMineMessagesViewController.m */; };
		BAD4B9A61E03C0D20050BCCA /* JLRewardsSystemViewController.m in Sources */ = {isa = PBXBuildFile; fileRef = BAD4B9A51E03C0D20050BCCA /* JLRewardsSystemViewController.m */; };
		BAD5428A1E08DF5C00B99FC0 /* MJRefreshAutoFooter.m in Sources */ = {isa = PBXBuildFile; fileRef = BAD5425E1E08DF5C00B99FC0 /* MJRefreshAutoFooter.m */; };
		BAD5428B1E08DF5C00B99FC0 /* MJRefreshBackFooter.m in Sources */ = {isa = PBXBuildFile; fileRef = BAD542601E08DF5C00B99FC0 /* MJRefreshBackFooter.m */; };
		BAD5428C1E08DF5C00B99FC0 /* MJRefreshComponent.m in Sources */ = {isa = PBXBuildFile; fileRef = BAD542621E08DF5C00B99FC0 /* MJRefreshComponent.m */; };
		BAD5428D1E08DF5C00B99FC0 /* MJRefreshFooter.m in Sources */ = {isa = PBXBuildFile; fileRef = BAD542641E08DF5C00B99FC0 /* MJRefreshFooter.m */; };
		BAD5428E1E08DF5C00B99FC0 /* MJRefreshHeader.m in Sources */ = {isa = PBXBuildFile; fileRef = BAD542661E08DF5C00B99FC0 /* MJRefreshHeader.m */; };
		BAD5428F1E08DF5C00B99FC0 /* MJRefreshAutoGifFooter.m in Sources */ = {isa = PBXBuildFile; fileRef = BAD5426B1E08DF5C00B99FC0 /* MJRefreshAutoGifFooter.m */; };
		BAD542901E08DF5C00B99FC0 /* MJRefreshAutoNormalFooter.m in Sources */ = {isa = PBXBuildFile; fileRef = BAD5426D1E08DF5C00B99FC0 /* MJRefreshAutoNormalFooter.m */; };
		BAD542911E08DF5C00B99FC0 /* MJRefreshAutoStateFooter.m in Sources */ = {isa = PBXBuildFile; fileRef = BAD5426F1E08DF5C00B99FC0 /* MJRefreshAutoStateFooter.m */; };
		BAD542921E08DF5C00B99FC0 /* MJRefreshBackGifFooter.m in Sources */ = {isa = PBXBuildFile; fileRef = BAD542721E08DF5C00B99FC0 /* MJRefreshBackGifFooter.m */; };
		BAD542931E08DF5C00B99FC0 /* MJRefreshBackNormalFooter.m in Sources */ = {isa = PBXBuildFile; fileRef = BAD542741E08DF5C00B99FC0 /* MJRefreshBackNormalFooter.m */; };
		BAD542941E08DF5C00B99FC0 /* MJRefreshBackStateFooter.m in Sources */ = {isa = PBXBuildFile; fileRef = BAD542761E08DF5C00B99FC0 /* MJRefreshBackStateFooter.m */; };
		BAD542951E08DF5C00B99FC0 /* MJRefreshGifHeader.m in Sources */ = {isa = PBXBuildFile; fileRef = BAD542791E08DF5C00B99FC0 /* MJRefreshGifHeader.m */; };
		BAD542961E08DF5C00B99FC0 /* MJRefreshNormalHeader.m in Sources */ = {isa = PBXBuildFile; fileRef = BAD5427B1E08DF5C00B99FC0 /* MJRefreshNormalHeader.m */; };
		BAD542971E08DF5C00B99FC0 /* MJRefreshStateHeader.m in Sources */ = {isa = PBXBuildFile; fileRef = BAD5427D1E08DF5C00B99FC0 /* MJRefreshStateHeader.m */; };
		BAD542981E08DF5C00B99FC0 /* MJRefresh.bundle in Resources */ = {isa = PBXBuildFile; fileRef = BAD5427E1E08DF5C00B99FC0 /* MJRefresh.bundle */; };
		BAD542991E08DF5C00B99FC0 /* MJRefreshConst.m in Sources */ = {isa = PBXBuildFile; fileRef = BAD542811E08DF5C00B99FC0 /* MJRefreshConst.m */; };
		BAD5429A1E08DF5C00B99FC0 /* NSBundle+MJRefresh.m in Sources */ = {isa = PBXBuildFile; fileRef = BAD542831E08DF5C00B99FC0 /* NSBundle+MJRefresh.m */; };
		BAD5429B1E08DF5C00B99FC0 /* UIScrollView+MJExtension.m in Sources */ = {isa = PBXBuildFile; fileRef = BAD542851E08DF5C00B99FC0 /* UIScrollView+MJExtension.m */; };
		BAD5429C1E08DF5C00B99FC0 /* UIScrollView+MJRefresh.m in Sources */ = {isa = PBXBuildFile; fileRef = BAD542871E08DF5C00B99FC0 /* UIScrollView+MJRefresh.m */; };
		BAD5429D1E08DF5C00B99FC0 /* UIView+MJExtension.m in Sources */ = {isa = PBXBuildFile; fileRef = BAD542891E08DF5C00B99FC0 /* UIView+MJExtension.m */; };
		BAD542A11E09030F00B99FC0 /* JLBBSTagCell.m in Sources */ = {isa = PBXBuildFile; fileRef = BAD5429F1E09030F00B99FC0 /* JLBBSTagCell.m */; };
		BAD542A21E09030F00B99FC0 /* JLBBSTagCell.xib in Resources */ = {isa = PBXBuildFile; fileRef = BAD542A01E09030F00B99FC0 /* JLBBSTagCell.xib */; };
		BAD542A41E091B8300B99FC0 /* BBSModel.plist in Resources */ = {isa = PBXBuildFile; fileRef = BAD542A31E091B8300B99FC0 /* BBSModel.plist */; };
		BAD542A81E092BBC00B99FC0 /* JLReleaseTaskTagCell.m in Sources */ = {isa = PBXBuildFile; fileRef = BAD542A61E092BBC00B99FC0 /* JLReleaseTaskTagCell.m */; };
		BAD542A91E092BBC00B99FC0 /* JLReleaseTaskTagCell.xib in Resources */ = {isa = PBXBuildFile; fileRef = BAD542A71E092BBC00B99FC0 /* JLReleaseTaskTagCell.xib */; };
		BAF7A5CE1DFF895700D83F41 /* JLHomeViewController.m in Sources */ = {isa = PBXBuildFile; fileRef = BAF7A5CD1DFF895700D83F41 /* JLHomeViewController.m */; };
		BAF7A5D11DFF899100D83F41 /* JLTaskViewController.m in Sources */ = {isa = PBXBuildFile; fileRef = BAF7A5D01DFF899100D83F41 /* JLTaskViewController.m */; };
		BAF7A5D41DFF8A1700D83F41 /* JLGrabViewController.m in Sources */ = {isa = PBXBuildFile; fileRef = BAF7A5D31DFF8A1700D83F41 /* JLGrabViewController.m */; };
		BAF7A5D71DFF8A8600D83F41 /* JLMineViewController.m in Sources */ = {isa = PBXBuildFile; fileRef = BAF7A5D61DFF8A8600D83F41 /* JLMineViewController.m */; };
		BAFF39491E00E5BF008454E7 /* JLForgetPWDViewController.m in Sources */ = {isa = PBXBuildFile; fileRef = BAFF39481E00E5BF008454E7 /* JLForgetPWDViewController.m */; };
		BAFF394B1E00EC4B008454E7 /* JLRegisterViewController.xib in Resources */ = {isa = PBXBuildFile; fileRef = BAFF394A1E00EC4B008454E7 /* JLRegisterViewController.xib */; };
/* End PBXBuildFile section */

/* Begin PBXContainerItemProxy section */
		BA2B846A1DF943E10054C9B8 /* PBXContainerItemProxy */ = {
			isa = PBXContainerItemProxy;
			containerPortal = BA2B84481DF943E10054C9B8 /* Project object */;
			proxyType = 1;
			remoteGlobalIDString = BA2B844F1DF943E10054C9B8;
			remoteInfo = Agriculturalstation;
		};
		BA2B84751DF943E10054C9B8 /* PBXContainerItemProxy */ = {
			isa = PBXContainerItemProxy;
			containerPortal = BA2B84481DF943E10054C9B8 /* Project object */;
			proxyType = 1;
			remoteGlobalIDString = BA2B844F1DF943E10054C9B8;
			remoteInfo = Agriculturalstation;
		};
/* End PBXContainerItemProxy section */

/* Begin PBXFileReference section */
		62178B501E09844B00A2F649 /* JLReleaseTaskTop.xib */ = {isa = PBXFileReference; fileEncoding = 4; lastKnownFileType = file.xib; path = JLReleaseTaskTop.xib; sourceTree = "<group>"; };
		BA2B84501DF943E10054C9B8 /* Agriculturalstation.app */ = {isa = PBXFileReference; explicitFileType = wrapper.application; includeInIndex = 0; path = Agriculturalstation.app; sourceTree = BUILT_PRODUCTS_DIR; };
		BA2B84541DF943E10054C9B8 /* main.m */ = {isa = PBXFileReference; lastKnownFileType = sourcecode.c.objc; path = main.m; sourceTree = "<group>"; };
		BA2B84561DF943E10054C9B8 /* AppDelegate.h */ = {isa = PBXFileReference; lastKnownFileType = sourcecode.c.h; path = AppDelegate.h; sourceTree = "<group>"; };
		BA2B84571DF943E10054C9B8 /* AppDelegate.m */ = {isa = PBXFileReference; lastKnownFileType = sourcecode.c.objc; path = AppDelegate.m; sourceTree = "<group>"; };
		BA2B84591DF943E10054C9B8 /* ViewController.h */ = {isa = PBXFileReference; lastKnownFileType = sourcecode.c.h; path = ViewController.h; sourceTree = "<group>"; };
		BA2B845A1DF943E10054C9B8 /* ViewController.m */ = {isa = PBXFileReference; lastKnownFileType = sourcecode.c.objc; path = ViewController.m; sourceTree = "<group>"; };
		BA2B845D1DF943E10054C9B8 /* Base */ = {isa = PBXFileReference; lastKnownFileType = file.storyboard; name = Base; path = Base.lproj/Main.storyboard; sourceTree = "<group>"; };
		BA2B845F1DF943E10054C9B8 /* Assets.xcassets */ = {isa = PBXFileReference; lastKnownFileType = folder.assetcatalog; path = Assets.xcassets; sourceTree = "<group>"; };
		BA2B84621DF943E10054C9B8 /* Base */ = {isa = PBXFileReference; lastKnownFileType = file.storyboard; name = Base; path = Base.lproj/LaunchScreen.storyboard; sourceTree = "<group>"; };
		BA2B84641DF943E10054C9B8 /* Info.plist */ = {isa = PBXFileReference; lastKnownFileType = text.plist.xml; path = Info.plist; sourceTree = "<group>"; };
		BA2B84691DF943E10054C9B8 /* AgriculturalstationTests.xctest */ = {isa = PBXFileReference; explicitFileType = wrapper.cfbundle; includeInIndex = 0; path = AgriculturalstationTests.xctest; sourceTree = BUILT_PRODUCTS_DIR; };
		BA2B846D1DF943E10054C9B8 /* AgriculturalstationTests.m */ = {isa = PBXFileReference; lastKnownFileType = sourcecode.c.objc; path = AgriculturalstationTests.m; sourceTree = "<group>"; };
		BA2B846F1DF943E10054C9B8 /* Info.plist */ = {isa = PBXFileReference; lastKnownFileType = text.plist.xml; path = Info.plist; sourceTree = "<group>"; };
		BA2B84741DF943E10054C9B8 /* AgriculturalstationUITests.xctest */ = {isa = PBXFileReference; explicitFileType = wrapper.cfbundle; includeInIndex = 0; path = AgriculturalstationUITests.xctest; sourceTree = BUILT_PRODUCTS_DIR; };
		BA2B84781DF943E10054C9B8 /* AgriculturalstationUITests.m */ = {isa = PBXFileReference; lastKnownFileType = sourcecode.c.objc; path = AgriculturalstationUITests.m; sourceTree = "<group>"; };
		BA2B847A1DF943E10054C9B8 /* Info.plist */ = {isa = PBXFileReference; lastKnownFileType = text.plist.xml; path = Info.plist; sourceTree = "<group>"; };
		BA2B84A91DF966D50054C9B8 /* JLTabBarController.h */ = {isa = PBXFileReference; fileEncoding = 4; lastKnownFileType = sourcecode.c.h; path = JLTabBarController.h; sourceTree = "<group>"; };
		BA2B84AA1DF966D50054C9B8 /* JLTabBarController.m */ = {isa = PBXFileReference; fileEncoding = 4; lastKnownFileType = sourcecode.c.objc; path = JLTabBarController.m; sourceTree = "<group>"; };
		BA5058981DFF8B3300E9C010 /* JLNavigationController.h */ = {isa = PBXFileReference; fileEncoding = 4; lastKnownFileType = sourcecode.c.h; path = JLNavigationController.h; sourceTree = "<group>"; };
		BA5058991DFF8B3300E9C010 /* JLNavigationController.m */ = {isa = PBXFileReference; fileEncoding = 4; lastKnownFileType = sourcecode.c.objc; path = JLNavigationController.m; sourceTree = "<group>"; };
		BABED8D31E04DC0500B38476 /* JLMineMessageModel.h */ = {isa = PBXFileReference; fileEncoding = 4; lastKnownFileType = sourcecode.c.h; path = JLMineMessageModel.h; sourceTree = "<group>"; };
		BABED8D41E04DC0500B38476 /* JLMineMessageModel.m */ = {isa = PBXFileReference; fileEncoding = 4; lastKnownFileType = sourcecode.c.objc; path = JLMineMessageModel.m; sourceTree = "<group>"; };
		BABED8D61E04E67C00B38476 /* JLReleaseTaskModel.h */ = {isa = PBXFileReference; fileEncoding = 4; lastKnownFileType = sourcecode.c.h; path = JLReleaseTaskModel.h; sourceTree = "<group>"; };
		BABED8D71E04E67C00B38476 /* JLReleaseTaskModel.m */ = {isa = PBXFileReference; fileEncoding = 4; lastKnownFileType = sourcecode.c.objc; path = JLReleaseTaskModel.m; sourceTree = "<group>"; };
		BABED8DC1E04E7A500B38476 /* Info.plist */ = {isa = PBXFileReference; fileEncoding = 4; lastKnownFileType = text.plist.xml; path = Info.plist; sourceTree = "<group>"; };
		BABED8DD1E04E7A500B38476 /* MJExtension.h */ = {isa = PBXFileReference; fileEncoding = 4; lastKnownFileType = sourcecode.c.h; path = MJExtension.h; sourceTree = "<group>"; };
		BABED8DE1E04E7A500B38476 /* MJExtensionConst.h */ = {isa = PBXFileReference; fileEncoding = 4; lastKnownFileType = sourcecode.c.h; path = MJExtensionConst.h; sourceTree = "<group>"; };
		BABED8DF1E04E7A500B38476 /* MJExtensionConst.m */ = {isa = PBXFileReference; fileEncoding = 4; lastKnownFileType = sourcecode.c.objc; path = MJExtensionConst.m; sourceTree = "<group>"; };
		BABED8E01E04E7A500B38476 /* MJFoundation.h */ = {isa = PBXFileReference; fileEncoding = 4; lastKnownFileType = sourcecode.c.h; path = MJFoundation.h; sourceTree = "<group>"; };
		BABED8E11E04E7A500B38476 /* MJFoundation.m */ = {isa = PBXFileReference; fileEncoding = 4; lastKnownFileType = sourcecode.c.objc; path = MJFoundation.m; sourceTree = "<group>"; };
		BABED8E21E04E7A500B38476 /* MJProperty.h */ = {isa = PBXFileReference; fileEncoding = 4; lastKnownFileType = sourcecode.c.h; path = MJProperty.h; sourceTree = "<group>"; };
		BABED8E31E04E7A500B38476 /* MJProperty.m */ = {isa = PBXFileReference; fileEncoding = 4; lastKnownFileType = sourcecode.c.objc; path = MJProperty.m; sourceTree = "<group>"; };
		BABED8E41E04E7A500B38476 /* MJPropertyKey.h */ = {isa = PBXFileReference; fileEncoding = 4; lastKnownFileType = sourcecode.c.h; path = MJPropertyKey.h; sourceTree = "<group>"; };
		BABED8E51E04E7A500B38476 /* MJPropertyKey.m */ = {isa = PBXFileReference; fileEncoding = 4; lastKnownFileType = sourcecode.c.objc; path = MJPropertyKey.m; sourceTree = "<group>"; };
		BABED8E61E04E7A500B38476 /* MJPropertyType.h */ = {isa = PBXFileReference; fileEncoding = 4; lastKnownFileType = sourcecode.c.h; path = MJPropertyType.h; sourceTree = "<group>"; };
		BABED8E71E04E7A500B38476 /* MJPropertyType.m */ = {isa = PBXFileReference; fileEncoding = 4; lastKnownFileType = sourcecode.c.objc; path = MJPropertyType.m; sourceTree = "<group>"; };
		BABED8E81E04E7A500B38476 /* NSObject+MJClass.h */ = {isa = PBXFileReference; fileEncoding = 4; lastKnownFileType = sourcecode.c.h; path = "NSObject+MJClass.h"; sourceTree = "<group>"; };
		BABED8E91E04E7A500B38476 /* NSObject+MJClass.m */ = {isa = PBXFileReference; fileEncoding = 4; lastKnownFileType = sourcecode.c.objc; path = "NSObject+MJClass.m"; sourceTree = "<group>"; };
		BABED8EA1E04E7A500B38476 /* NSObject+MJCoding.h */ = {isa = PBXFileReference; fileEncoding = 4; lastKnownFileType = sourcecode.c.h; path = "NSObject+MJCoding.h"; sourceTree = "<group>"; };
		BABED8EB1E04E7A500B38476 /* NSObject+MJCoding.m */ = {isa = PBXFileReference; fileEncoding = 4; lastKnownFileType = sourcecode.c.objc; path = "NSObject+MJCoding.m"; sourceTree = "<group>"; };
		BABED8EC1E04E7A500B38476 /* NSObject+MJKeyValue.h */ = {isa = PBXFileReference; fileEncoding = 4; lastKnownFileType = sourcecode.c.h; path = "NSObject+MJKeyValue.h"; sourceTree = "<group>"; };
		BABED8ED1E04E7A500B38476 /* NSObject+MJKeyValue.m */ = {isa = PBXFileReference; fileEncoding = 4; lastKnownFileType = sourcecode.c.objc; path = "NSObject+MJKeyValue.m"; sourceTree = "<group>"; };
		BABED8EE1E04E7A500B38476 /* NSObject+MJProperty.h */ = {isa = PBXFileReference; fileEncoding = 4; lastKnownFileType = sourcecode.c.h; path = "NSObject+MJProperty.h"; sourceTree = "<group>"; };
		BABED8EF1E04E7A500B38476 /* NSObject+MJProperty.m */ = {isa = PBXFileReference; fileEncoding = 4; lastKnownFileType = sourcecode.c.objc; path = "NSObject+MJProperty.m"; sourceTree = "<group>"; };
		BABED8F01E04E7A500B38476 /* NSString+MJExtension.h */ = {isa = PBXFileReference; fileEncoding = 4; lastKnownFileType = sourcecode.c.h; path = "NSString+MJExtension.h"; sourceTree = "<group>"; };
		BABED8F11E04E7A500B38476 /* NSString+MJExtension.m */ = {isa = PBXFileReference; fileEncoding = 4; lastKnownFileType = sourcecode.c.objc; path = "NSString+MJExtension.m"; sourceTree = "<group>"; };
		BABED8FD1E05109500B38476 /* JLTradeAlertsModel.h */ = {isa = PBXFileReference; fileEncoding = 4; lastKnownFileType = sourcecode.c.h; path = JLTradeAlertsModel.h; sourceTree = "<group>"; };
		BABED8FE1E05109500B38476 /* JLTradeAlertsModel.m */ = {isa = PBXFileReference; fileEncoding = 4; lastKnownFileType = sourcecode.c.objc; path = JLTradeAlertsModel.m; sourceTree = "<group>"; };
		BABED9001E05117E00B38476 /* JLUserModel.h */ = {isa = PBXFileReference; fileEncoding = 4; lastKnownFileType = sourcecode.c.h; path = JLUserModel.h; sourceTree = "<group>"; };
		BABED9011E05117E00B38476 /* JLUserModel.m */ = {isa = PBXFileReference; fileEncoding = 4; lastKnownFileType = sourcecode.c.objc; path = JLUserModel.m; sourceTree = "<group>"; };
		BABED9031E05133500B38476 /* JLBBSModel.h */ = {isa = PBXFileReference; fileEncoding = 4; lastKnownFileType = sourcecode.c.h; path = JLBBSModel.h; sourceTree = "<group>"; };
		BABED9041E05133500B38476 /* JLBBSModel.m */ = {isa = PBXFileReference; fileEncoding = 4; lastKnownFileType = sourcecode.c.objc; path = JLBBSModel.m; sourceTree = "<group>"; };
		BABED9061E0513F600B38476 /* JLFarmModel.h */ = {isa = PBXFileReference; fileEncoding = 4; lastKnownFileType = sourcecode.c.h; path = JLFarmModel.h; sourceTree = "<group>"; };
		BABED9071E0513F600B38476 /* JLFarmModel.m */ = {isa = PBXFileReference; fileEncoding = 4; lastKnownFileType = sourcecode.c.objc; path = JLFarmModel.m; sourceTree = "<group>"; };
		BABED9091E05143600B38476 /* JLOwnerModel.h */ = {isa = PBXFileReference; fileEncoding = 4; lastKnownFileType = sourcecode.c.h; path = JLOwnerModel.h; sourceTree = "<group>"; };
		BABED90A1E05143600B38476 /* JLOwnerModel.m */ = {isa = PBXFileReference; fileEncoding = 4; lastKnownFileType = sourcecode.c.objc; path = JLOwnerModel.m; sourceTree = "<group>"; };
		BACB09BE1DFF8F110003861B /* JLBBSViewController.h */ = {isa = PBXFileReference; fileEncoding = 4; lastKnownFileType = sourcecode.c.h; path = JLBBSViewController.h; sourceTree = "<group>"; };
		BACB09BF1DFF8F110003861B /* JLBBSViewController.m */ = {isa = PBXFileReference; fileEncoding = 4; lastKnownFileType = sourcecode.c.objc; path = JLBBSViewController.m; sourceTree = "<group>"; };
		BACB09C11DFF8F770003861B /* MineItem.plist */ = {isa = PBXFileReference; fileEncoding = 4; lastKnownFileType = text.plist.xml; path = MineItem.plist; sourceTree = "<group>"; };
		BACB09C31DFF919D0003861B /* JLMineItem.h */ = {isa = PBXFileReference; fileEncoding = 4; lastKnownFileType = sourcecode.c.h; path = JLMineItem.h; sourceTree = "<group>"; };
		BACB09C41DFF919D0003861B /* JLMineItem.m */ = {isa = PBXFileReference; fileEncoding = 4; lastKnownFileType = sourcecode.c.objc; path = JLMineItem.m; sourceTree = "<group>"; };
		BACB09C61DFFA76C0003861B /* JLMineInfo.xib */ = {isa = PBXFileReference; fileEncoding = 4; lastKnownFileType = file.xib; path = JLMineInfo.xib; sourceTree = "<group>"; };
		BACB09CC1DFFD2E50003861B /* JLLoginViewController.h */ = {isa = PBXFileReference; fileEncoding = 4; lastKnownFileType = sourcecode.c.h; path = JLLoginViewController.h; sourceTree = "<group>"; };
		BACB09CD1DFFD2E50003861B /* JLLoginViewController.m */ = {isa = PBXFileReference; fileEncoding = 4; lastKnownFileType = sourcecode.c.objc; path = JLLoginViewController.m; sourceTree = "<group>"; };
		BACB09CF1DFFD3010003861B /* JLRegisterViewController.h */ = {isa = PBXFileReference; fileEncoding = 4; lastKnownFileType = sourcecode.c.h; path = JLRegisterViewController.h; sourceTree = "<group>"; };
		BACB09D01DFFD3010003861B /* JLRegisterViewController.m */ = {isa = PBXFileReference; fileEncoding = 4; lastKnownFileType = sourcecode.c.objc; path = JLRegisterViewController.m; sourceTree = "<group>"; };
		BACD45C71E029E40007CA568 /* JLForgetPWDViewController.xib */ = {isa = PBXFileReference; fileEncoding = 4; lastKnownFileType = file.xib; path = JLForgetPWDViewController.xib; sourceTree = "<group>"; };
		BAD260471E07C7C700B47886 /* JLUserBaseInfoViewController.h */ = {isa = PBXFileReference; fileEncoding = 4; lastKnownFileType = sourcecode.c.h; path = JLUserBaseInfoViewController.h; sourceTree = "<group>"; };
		BAD260481E07C7C700B47886 /* JLUserBaseInfoViewController.m */ = {isa = PBXFileReference; fileEncoding = 4; lastKnownFileType = sourcecode.c.objc; path = JLUserBaseInfoViewController.m; sourceTree = "<group>"; };
		BAD2604C1E07D8E800B47886 /* JLUserBaseInfo.xib */ = {isa = PBXFileReference; fileEncoding = 4; lastKnownFileType = file.xib; path = JLUserBaseInfo.xib; sourceTree = "<group>"; };
		BAD4B9821E03910D0050BCCA /* JLPersonalInfoViewController.h */ = {isa = PBXFileReference; fileEncoding = 4; lastKnownFileType = sourcecode.c.h; path = JLPersonalInfoViewController.h; sourceTree = "<group>"; };
		BAD4B9831E03910D0050BCCA /* JLPersonalInfoViewController.m */ = {isa = PBXFileReference; fileEncoding = 4; lastKnownFileType = sourcecode.c.objc; path = JLPersonalInfoViewController.m; sourceTree = "<group>"; };
		BAD4B9841E03910D0050BCCA /* JLPersonalInfoViewController.xib */ = {isa = PBXFileReference; fileEncoding = 4; lastKnownFileType = file.xib; path = JLPersonalInfoViewController.xib; sourceTree = "<group>"; };
		BAD4B9871E0396F20050BCCA /* JLMineItemViewModel.h */ = {isa = PBXFileReference; fileEncoding = 4; lastKnownFileType = sourcecode.c.h; path = JLMineItemViewModel.h; sourceTree = "<group>"; };
		BAD4B9881E0396F20050BCCA /* JLMineItemViewModel.m */ = {isa = PBXFileReference; fileEncoding = 4; lastKnownFileType = sourcecode.c.objc; path = JLMineItemViewModel.m; sourceTree = "<group>"; };
		BAD4B98A1E039D490050BCCA /* JLMineReleaseTaskViewController.h */ = {isa = PBXFileReference; fileEncoding = 4; lastKnownFileType = sourcecode.c.h; path = JLMineReleaseTaskViewController.h; sourceTree = "<group>"; };
		BAD4B98B1E039D490050BCCA /* JLMineReleaseTaskViewController.m */ = {isa = PBXFileReference; fileEncoding = 4; lastKnownFileType = sourcecode.c.objc; path = JLMineReleaseTaskViewController.m; sourceTree = "<group>"; };
		BAD4B98D1E039DDF0050BCCA /* JLAccountInfoViewController.h */ = {isa = PBXFileReference; fileEncoding = 4; lastKnownFileType = sourcecode.c.h; path = JLAccountInfoViewController.h; sourceTree = "<group>"; };
		BAD4B98E1E039DDF0050BCCA /* JLAccountInfoViewController.m */ = {isa = PBXFileReference; fileEncoding = 4; lastKnownFileType = sourcecode.c.objc; path = JLAccountInfoViewController.m; sourceTree = "<group>"; };
		BAD4B98F1E039DDF0050BCCA /* JLAccountInfoViewController.xib */ = {isa = PBXFileReference; fileEncoding = 4; lastKnownFileType = file.xib; path = JLAccountInfoViewController.xib; sourceTree = "<group>"; };
		BAD4B9921E03C0270050BCCA /* JLIdentityViewController.h */ = {isa = PBXFileReference; fileEncoding = 4; lastKnownFileType = sourcecode.c.h; path = JLIdentityViewController.h; sourceTree = "<group>"; };
		BAD4B9931E03C0270050BCCA /* JLIdentityViewController.m */ = {isa = PBXFileReference; fileEncoding = 4; lastKnownFileType = sourcecode.c.objc; path = JLIdentityViewController.m; sourceTree = "<group>"; };
		BAD4B9941E03C0270050BCCA /* JLIdentityViewController.xib */ = {isa = PBXFileReference; fileEncoding = 4; lastKnownFileType = file.xib; path = JLIdentityViewController.xib; sourceTree = "<group>"; };
		BAD4B9971E03C0560050BCCA /* JLBalancePayViewController.h */ = {isa = PBXFileReference; fileEncoding = 4; lastKnownFileType = sourcecode.c.h; path = JLBalancePayViewController.h; sourceTree = "<group>"; };
		BAD4B9981E03C0560050BCCA /* JLBalancePayViewController.m */ = {isa = PBXFileReference; fileEncoding = 4; lastKnownFileType = sourcecode.c.objc; path = JLBalancePayViewController.m; sourceTree = "<group>"; };
		BAD4B9991E03C0560050BCCA /* JLBalancePayViewController.xib */ = {isa = PBXFileReference; fileEncoding = 4; lastKnownFileType = file.xib; path = JLBalancePayViewController.xib; sourceTree = "<group>"; };
		BAD4B99C1E03C07E0050BCCA /* JLPWDManagementViewController.h */ = {isa = PBXFileReference; fileEncoding = 4; lastKnownFileType = sourcecode.c.h; path = JLPWDManagementViewController.h; sourceTree = "<group>"; };
		BAD4B99D1E03C07E0050BCCA /* JLPWDManagementViewController.m */ = {isa = PBXFileReference; fileEncoding = 4; lastKnownFileType = sourcecode.c.objc; path = JLPWDManagementViewController.m; sourceTree = "<group>"; };
		BAD4B99E1E03C07E0050BCCA /* JLPWDManagementViewController.xib */ = {isa = PBXFileReference; fileEncoding = 4; lastKnownFileType = file.xib; path = JLPWDManagementViewController.xib; sourceTree = "<group>"; };
		BAD4B9A11E03C0A40050BCCA /* JLMineMessagesViewController.h */ = {isa = PBXFileReference; fileEncoding = 4; lastKnownFileType = sourcecode.c.h; path = JLMineMessagesViewController.h; sourceTree = "<group>"; };
		BAD4B9A21E03C0A40050BCCA /* JLMineMessagesViewController.m */ = {isa = PBXFileReference; fileEncoding = 4; lastKnownFileType = sourcecode.c.objc; path = JLMineMessagesViewController.m; sourceTree = "<group>"; };
		BAD4B9A41E03C0D20050BCCA /* JLRewardsSystemViewController.h */ = {isa = PBXFileReference; fileEncoding = 4; lastKnownFileType = sourcecode.c.h; path = JLRewardsSystemViewController.h; sourceTree = "<group>"; };
		BAD4B9A51E03C0D20050BCCA /* JLRewardsSystemViewController.m */ = {isa = PBXFileReference; fileEncoding = 4; lastKnownFileType = sourcecode.c.objc; path = JLRewardsSystemViewController.m; sourceTree = "<group>"; };
		BAD5425D1E08DF5C00B99FC0 /* MJRefreshAutoFooter.h */ = {isa = PBXFileReference; fileEncoding = 4; lastKnownFileType = sourcecode.c.h; path = MJRefreshAutoFooter.h; sourceTree = "<group>"; };
		BAD5425E1E08DF5C00B99FC0 /* MJRefreshAutoFooter.m */ = {isa = PBXFileReference; fileEncoding = 4; lastKnownFileType = sourcecode.c.objc; path = MJRefreshAutoFooter.m; sourceTree = "<group>"; };
		BAD5425F1E08DF5C00B99FC0 /* MJRefreshBackFooter.h */ = {isa = PBXFileReference; fileEncoding = 4; lastKnownFileType = sourcecode.c.h; path = MJRefreshBackFooter.h; sourceTree = "<group>"; };
		BAD542601E08DF5C00B99FC0 /* MJRefreshBackFooter.m */ = {isa = PBXFileReference; fileEncoding = 4; lastKnownFileType = sourcecode.c.objc; path = MJRefreshBackFooter.m; sourceTree = "<group>"; };
		BAD542611E08DF5C00B99FC0 /* MJRefreshComponent.h */ = {isa = PBXFileReference; fileEncoding = 4; lastKnownFileType = sourcecode.c.h; path = MJRefreshComponent.h; sourceTree = "<group>"; };
		BAD542621E08DF5C00B99FC0 /* MJRefreshComponent.m */ = {isa = PBXFileReference; fileEncoding = 4; lastKnownFileType = sourcecode.c.objc; path = MJRefreshComponent.m; sourceTree = "<group>"; };
		BAD542631E08DF5C00B99FC0 /* MJRefreshFooter.h */ = {isa = PBXFileReference; fileEncoding = 4; lastKnownFileType = sourcecode.c.h; path = MJRefreshFooter.h; sourceTree = "<group>"; };
		BAD542641E08DF5C00B99FC0 /* MJRefreshFooter.m */ = {isa = PBXFileReference; fileEncoding = 4; lastKnownFileType = sourcecode.c.objc; path = MJRefreshFooter.m; sourceTree = "<group>"; };
		BAD542651E08DF5C00B99FC0 /* MJRefreshHeader.h */ = {isa = PBXFileReference; fileEncoding = 4; lastKnownFileType = sourcecode.c.h; path = MJRefreshHeader.h; sourceTree = "<group>"; };
		BAD542661E08DF5C00B99FC0 /* MJRefreshHeader.m */ = {isa = PBXFileReference; fileEncoding = 4; lastKnownFileType = sourcecode.c.objc; path = MJRefreshHeader.m; sourceTree = "<group>"; };
		BAD5426A1E08DF5C00B99FC0 /* MJRefreshAutoGifFooter.h */ = {isa = PBXFileReference; fileEncoding = 4; lastKnownFileType = sourcecode.c.h; path = MJRefreshAutoGifFooter.h; sourceTree = "<group>"; };
		BAD5426B1E08DF5C00B99FC0 /* MJRefreshAutoGifFooter.m */ = {isa = PBXFileReference; fileEncoding = 4; lastKnownFileType = sourcecode.c.objc; path = MJRefreshAutoGifFooter.m; sourceTree = "<group>"; };
		BAD5426C1E08DF5C00B99FC0 /* MJRefreshAutoNormalFooter.h */ = {isa = PBXFileReference; fileEncoding = 4; lastKnownFileType = sourcecode.c.h; path = MJRefreshAutoNormalFooter.h; sourceTree = "<group>"; };
		BAD5426D1E08DF5C00B99FC0 /* MJRefreshAutoNormalFooter.m */ = {isa = PBXFileReference; fileEncoding = 4; lastKnownFileType = sourcecode.c.objc; path = MJRefreshAutoNormalFooter.m; sourceTree = "<group>"; };
		BAD5426E1E08DF5C00B99FC0 /* MJRefreshAutoStateFooter.h */ = {isa = PBXFileReference; fileEncoding = 4; lastKnownFileType = sourcecode.c.h; path = MJRefreshAutoStateFooter.h; sourceTree = "<group>"; };
		BAD5426F1E08DF5C00B99FC0 /* MJRefreshAutoStateFooter.m */ = {isa = PBXFileReference; fileEncoding = 4; lastKnownFileType = sourcecode.c.objc; path = MJRefreshAutoStateFooter.m; sourceTree = "<group>"; };
		BAD542711E08DF5C00B99FC0 /* MJRefreshBackGifFooter.h */ = {isa = PBXFileReference; fileEncoding = 4; lastKnownFileType = sourcecode.c.h; path = MJRefreshBackGifFooter.h; sourceTree = "<group>"; };
		BAD542721E08DF5C00B99FC0 /* MJRefreshBackGifFooter.m */ = {isa = PBXFileReference; fileEncoding = 4; lastKnownFileType = sourcecode.c.objc; path = MJRefreshBackGifFooter.m; sourceTree = "<group>"; };
		BAD542731E08DF5C00B99FC0 /* MJRefreshBackNormalFooter.h */ = {isa = PBXFileReference; fileEncoding = 4; lastKnownFileType = sourcecode.c.h; path = MJRefreshBackNormalFooter.h; sourceTree = "<group>"; };
		BAD542741E08DF5C00B99FC0 /* MJRefreshBackNormalFooter.m */ = {isa = PBXFileReference; fileEncoding = 4; lastKnownFileType = sourcecode.c.objc; path = MJRefreshBackNormalFooter.m; sourceTree = "<group>"; };
		BAD542751E08DF5C00B99FC0 /* MJRefreshBackStateFooter.h */ = {isa = PBXFileReference; fileEncoding = 4; lastKnownFileType = sourcecode.c.h; path = MJRefreshBackStateFooter.h; sourceTree = "<group>"; };
		BAD542761E08DF5C00B99FC0 /* MJRefreshBackStateFooter.m */ = {isa = PBXFileReference; fileEncoding = 4; lastKnownFileType = sourcecode.c.objc; path = MJRefreshBackStateFooter.m; sourceTree = "<group>"; };
		BAD542781E08DF5C00B99FC0 /* MJRefreshGifHeader.h */ = {isa = PBXFileReference; fileEncoding = 4; lastKnownFileType = sourcecode.c.h; path = MJRefreshGifHeader.h; sourceTree = "<group>"; };
		BAD542791E08DF5C00B99FC0 /* MJRefreshGifHeader.m */ = {isa = PBXFileReference; fileEncoding = 4; lastKnownFileType = sourcecode.c.objc; path = MJRefreshGifHeader.m; sourceTree = "<group>"; };
		BAD5427A1E08DF5C00B99FC0 /* MJRefreshNormalHeader.h */ = {isa = PBXFileReference; fileEncoding = 4; lastKnownFileType = sourcecode.c.h; path = MJRefreshNormalHeader.h; sourceTree = "<group>"; };
		BAD5427B1E08DF5C00B99FC0 /* MJRefreshNormalHeader.m */ = {isa = PBXFileReference; fileEncoding = 4; lastKnownFileType = sourcecode.c.objc; path = MJRefreshNormalHeader.m; sourceTree = "<group>"; };
		BAD5427C1E08DF5C00B99FC0 /* MJRefreshStateHeader.h */ = {isa = PBXFileReference; fileEncoding = 4; lastKnownFileType = sourcecode.c.h; path = MJRefreshStateHeader.h; sourceTree = "<group>"; };
		BAD5427D1E08DF5C00B99FC0 /* MJRefreshStateHeader.m */ = {isa = PBXFileReference; fileEncoding = 4; lastKnownFileType = sourcecode.c.objc; path = MJRefreshStateHeader.m; sourceTree = "<group>"; };
		BAD5427E1E08DF5C00B99FC0 /* MJRefresh.bundle */ = {isa = PBXFileReference; lastKnownFileType = "wrapper.plug-in"; path = MJRefresh.bundle; sourceTree = "<group>"; };
		BAD5427F1E08DF5C00B99FC0 /* MJRefresh.h */ = {isa = PBXFileReference; fileEncoding = 4; lastKnownFileType = sourcecode.c.h; path = MJRefresh.h; sourceTree = "<group>"; };
		BAD542801E08DF5C00B99FC0 /* MJRefreshConst.h */ = {isa = PBXFileReference; fileEncoding = 4; lastKnownFileType = sourcecode.c.h; path = MJRefreshConst.h; sourceTree = "<group>"; };
		BAD542811E08DF5C00B99FC0 /* MJRefreshConst.m */ = {isa = PBXFileReference; fileEncoding = 4; lastKnownFileType = sourcecode.c.objc; path = MJRefreshConst.m; sourceTree = "<group>"; };
		BAD542821E08DF5C00B99FC0 /* NSBundle+MJRefresh.h */ = {isa = PBXFileReference; fileEncoding = 4; lastKnownFileType = sourcecode.c.h; path = "NSBundle+MJRefresh.h"; sourceTree = "<group>"; };
		BAD542831E08DF5C00B99FC0 /* NSBundle+MJRefresh.m */ = {isa = PBXFileReference; fileEncoding = 4; lastKnownFileType = sourcecode.c.objc; path = "NSBundle+MJRefresh.m"; sourceTree = "<group>"; };
		BAD542841E08DF5C00B99FC0 /* UIScrollView+MJExtension.h */ = {isa = PBXFileReference; fileEncoding = 4; lastKnownFileType = sourcecode.c.h; path = "UIScrollView+MJExtension.h"; sourceTree = "<group>"; };
		BAD542851E08DF5C00B99FC0 /* UIScrollView+MJExtension.m */ = {isa = PBXFileReference; fileEncoding = 4; lastKnownFileType = sourcecode.c.objc; path = "UIScrollView+MJExtension.m"; sourceTree = "<group>"; };
		BAD542861E08DF5C00B99FC0 /* UIScrollView+MJRefresh.h */ = {isa = PBXFileReference; fileEncoding = 4; lastKnownFileType = sourcecode.c.h; path = "UIScrollView+MJRefresh.h"; sourceTree = "<group>"; };
		BAD542871E08DF5C00B99FC0 /* UIScrollView+MJRefresh.m */ = {isa = PBXFileReference; fileEncoding = 4; lastKnownFileType = sourcecode.c.objc; path = "UIScrollView+MJRefresh.m"; sourceTree = "<group>"; };
		BAD542881E08DF5C00B99FC0 /* UIView+MJExtension.h */ = {isa = PBXFileReference; fileEncoding = 4; lastKnownFileType = sourcecode.c.h; path = "UIView+MJExtension.h"; sourceTree = "<group>"; };
		BAD542891E08DF5C00B99FC0 /* UIView+MJExtension.m */ = {isa = PBXFileReference; fileEncoding = 4; lastKnownFileType = sourcecode.c.objc; path = "UIView+MJExtension.m"; sourceTree = "<group>"; };
		BAD5429E1E09030F00B99FC0 /* JLBBSTagCell.h */ = {isa = PBXFileReference; fileEncoding = 4; lastKnownFileType = sourcecode.c.h; path = JLBBSTagCell.h; sourceTree = "<group>"; };
		BAD5429F1E09030F00B99FC0 /* JLBBSTagCell.m */ = {isa = PBXFileReference; fileEncoding = 4; lastKnownFileType = sourcecode.c.objc; path = JLBBSTagCell.m; sourceTree = "<group>"; };
		BAD542A01E09030F00B99FC0 /* JLBBSTagCell.xib */ = {isa = PBXFileReference; fileEncoding = 4; lastKnownFileType = file.xib; path = JLBBSTagCell.xib; sourceTree = "<group>"; };
		BAD542A31E091B8300B99FC0 /* BBSModel.plist */ = {isa = PBXFileReference; fileEncoding = 4; lastKnownFileType = text.plist.xml; path = BBSModel.plist; sourceTree = "<group>"; };
		BAD542A51E092BBC00B99FC0 /* JLReleaseTaskTagCell.h */ = {isa = PBXFileReference; fileEncoding = 4; lastKnownFileType = sourcecode.c.h; path = JLReleaseTaskTagCell.h; sourceTree = "<group>"; };
		BAD542A61E092BBC00B99FC0 /* JLReleaseTaskTagCell.m */ = {isa = PBXFileReference; fileEncoding = 4; lastKnownFileType = sourcecode.c.objc; path = JLReleaseTaskTagCell.m; sourceTree = "<group>"; };
		BAD542A71E092BBC00B99FC0 /* JLReleaseTaskTagCell.xib */ = {isa = PBXFileReference; fileEncoding = 4; lastKnownFileType = file.xib; path = JLReleaseTaskTagCell.xib; sourceTree = "<group>"; };
		BAE47B271E027619007F9BF1 /* Agriculturalstation.pch */ = {isa = PBXFileReference; lastKnownFileType = sourcecode.c.h; path = Agriculturalstation.pch; sourceTree = "<group>"; };
		BAF7A5CC1DFF895700D83F41 /* JLHomeViewController.h */ = {isa = PBXFileReference; fileEncoding = 4; lastKnownFileType = sourcecode.c.h; path = JLHomeViewController.h; sourceTree = "<group>"; };
		BAF7A5CD1DFF895700D83F41 /* JLHomeViewController.m */ = {isa = PBXFileReference; fileEncoding = 4; lastKnownFileType = sourcecode.c.objc; path = JLHomeViewController.m; sourceTree = "<group>"; };
		BAF7A5CF1DFF899100D83F41 /* JLTaskViewController.h */ = {isa = PBXFileReference; fileEncoding = 4; lastKnownFileType = sourcecode.c.h; path = JLTaskViewController.h; sourceTree = "<group>"; };
		BAF7A5D01DFF899100D83F41 /* JLTaskViewController.m */ = {isa = PBXFileReference; fileEncoding = 4; lastKnownFileType = sourcecode.c.objc; path = JLTaskViewController.m; sourceTree = "<group>"; };
		BAF7A5D21DFF8A1700D83F41 /* JLGrabViewController.h */ = {isa = PBXFileReference; fileEncoding = 4; lastKnownFileType = sourcecode.c.h; path = JLGrabViewController.h; sourceTree = "<group>"; };
		BAF7A5D31DFF8A1700D83F41 /* JLGrabViewController.m */ = {isa = PBXFileReference; fileEncoding = 4; lastKnownFileType = sourcecode.c.objc; path = JLGrabViewController.m; sourceTree = "<group>"; };
		BAF7A5D51DFF8A8600D83F41 /* JLMineViewController.h */ = {isa = PBXFileReference; fileEncoding = 4; lastKnownFileType = sourcecode.c.h; path = JLMineViewController.h; sourceTree = "<group>"; };
		BAF7A5D61DFF8A8600D83F41 /* JLMineViewController.m */ = {isa = PBXFileReference; fileEncoding = 4; lastKnownFileType = sourcecode.c.objc; path = JLMineViewController.m; sourceTree = "<group>"; };
		BAFF39471E00E5BF008454E7 /* JLForgetPWDViewController.h */ = {isa = PBXFileReference; fileEncoding = 4; lastKnownFileType = sourcecode.c.h; path = JLForgetPWDViewController.h; sourceTree = "<group>"; };
		BAFF39481E00E5BF008454E7 /* JLForgetPWDViewController.m */ = {isa = PBXFileReference; fileEncoding = 4; lastKnownFileType = sourcecode.c.objc; path = JLForgetPWDViewController.m; sourceTree = "<group>"; };
		BAFF394A1E00EC4B008454E7 /* JLRegisterViewController.xib */ = {isa = PBXFileReference; fileEncoding = 4; lastKnownFileType = file.xib; path = JLRegisterViewController.xib; sourceTree = "<group>"; };
/* End PBXFileReference section */

/* Begin PBXFrameworksBuildPhase section */
		BA2B844D1DF943E10054C9B8 /* Frameworks */ = {
			isa = PBXFrameworksBuildPhase;
			buildActionMask = 2147483647;
			files = (
			);
			runOnlyForDeploymentPostprocessing = 0;
		};
		BA2B84661DF943E10054C9B8 /* Frameworks */ = {
			isa = PBXFrameworksBuildPhase;
			buildActionMask = 2147483647;
			files = (
			);
			runOnlyForDeploymentPostprocessing = 0;
		};
		BA2B84711DF943E10054C9B8 /* Frameworks */ = {
			isa = PBXFrameworksBuildPhase;
			buildActionMask = 2147483647;
			files = (
			);
			runOnlyForDeploymentPostprocessing = 0;
		};
/* End PBXFrameworksBuildPhase section */

/* Begin PBXGroup section */
		BA2B84471DF943E10054C9B8 = {
			isa = PBXGroup;
			children = (
				BA2B84521DF943E10054C9B8 /* Agriculturalstation */,
				BA2B846C1DF943E10054C9B8 /* AgriculturalstationTests */,
				BA2B84771DF943E10054C9B8 /* AgriculturalstationUITests */,
				BA2B84511DF943E10054C9B8 /* Products */,
			);
			sourceTree = "<group>";
		};
		BA2B84511DF943E10054C9B8 /* Products */ = {
			isa = PBXGroup;
			children = (
				BA2B84501DF943E10054C9B8 /* Agriculturalstation.app */,
				BA2B84691DF943E10054C9B8 /* AgriculturalstationTests.xctest */,
				BA2B84741DF943E10054C9B8 /* AgriculturalstationUITests.xctest */,
			);
			name = Products;
			sourceTree = "<group>";
		};
		BA2B84521DF943E10054C9B8 /* Agriculturalstation */ = {
			isa = PBXGroup;
			children = (
				BA2B84561DF943E10054C9B8 /* AppDelegate.h */,
				BA2B84571DF943E10054C9B8 /* AppDelegate.m */,
				BA2B84591DF943E10054C9B8 /* ViewController.h */,
				BA2B845A1DF943E10054C9B8 /* ViewController.m */,
				BA2B845F1DF943E10054C9B8 /* Assets.xcassets */,
				BA2B84861DF9589E0054C9B8 /* Classes */,
				BA2B84871DF958B00054C9B8 /* Resources */,
				BA2B84531DF943E10054C9B8 /* Supporting Files */,
			);
			path = Agriculturalstation;
			sourceTree = "<group>";
		};
		BA2B84531DF943E10054C9B8 /* Supporting Files */ = {
			isa = PBXGroup;
			children = (
				BA2B845C1DF943E10054C9B8 /* Main.storyboard */,
				BA2B84611DF943E10054C9B8 /* LaunchScreen.storyboard */,
				BA2B84641DF943E10054C9B8 /* Info.plist */,
				BA2B84541DF943E10054C9B8 /* main.m */,
				BACB09C11DFF8F770003861B /* MineItem.plist */,
				BAE47B271E027619007F9BF1 /* Agriculturalstation.pch */,
				BAD542A31E091B8300B99FC0 /* BBSModel.plist */,
			);
			name = "Supporting Files";
			sourceTree = "<group>";
		};
		BA2B846C1DF943E10054C9B8 /* AgriculturalstationTests */ = {
			isa = PBXGroup;
			children = (
				BA2B846D1DF943E10054C9B8 /* AgriculturalstationTests.m */,
				BA2B846F1DF943E10054C9B8 /* Info.plist */,
			);
			path = AgriculturalstationTests;
			sourceTree = "<group>";
		};
		BA2B84771DF943E10054C9B8 /* AgriculturalstationUITests */ = {
			isa = PBXGroup;
			children = (
				BA2B84781DF943E10054C9B8 /* AgriculturalstationUITests.m */,
				BA2B847A1DF943E10054C9B8 /* Info.plist */,
			);
			path = AgriculturalstationUITests;
			sourceTree = "<group>";
		};
		BA2B84861DF9589E0054C9B8 /* Classes */ = {
			isa = PBXGroup;
			children = (
				BABED8D91E04E76900B38476 /* Libs */,
				BA2B84881DF958EA0054C9B8 /* Category */,
				BA2B84891DF958EA0054C9B8 /* Common */,
				BA2B848B1DF958EA0054C9B8 /* Src */,
				BA2B848C1DF958EA0054C9B8 /* Tool */,
			);
			path = Classes;
			sourceTree = "<group>";
		};
		BA2B84871DF958B00054C9B8 /* Resources */ = {
			isa = PBXGroup;
			children = (
			);
			path = Resources;
			sourceTree = "<group>";
		};
		BA2B84881DF958EA0054C9B8 /* Category */ = {
			isa = PBXGroup;
			children = (
			);
			path = Category;
			sourceTree = "<group>";
		};
		BA2B84891DF958EA0054C9B8 /* Common */ = {
			isa = PBXGroup;
			children = (
			);
			path = Common;
			sourceTree = "<group>";
		};
		BA2B848B1DF958EA0054C9B8 /* Src */ = {
			isa = PBXGroup;
			children = (
				BACB09C81DFFD29D0003861B /* Other */,
				BA2B84911DF966700054C9B8 /* BBS */,
				BA2B84951DF966700054C9B8 /* Grab */,
				BA2B84991DF966700054C9B8 /* Home */,
				BA2B849D1DF966700054C9B8 /* Main */,
				BA2B84A11DF966700054C9B8 /* Mine */,
				BA2B84A51DF966700054C9B8 /* Task */,
			);
			path = Src;
			sourceTree = "<group>";
		};
		BA2B848C1DF958EA0054C9B8 /* Tool */ = {
			isa = PBXGroup;
			children = (
			);
			path = Tool;
			sourceTree = "<group>";
		};
		BA2B84911DF966700054C9B8 /* BBS */ = {
			isa = PBXGroup;
			children = (
				BA2B84921DF966700054C9B8 /* Controllers */,
				BA2B84931DF966700054C9B8 /* Models */,
				BA2B84941DF966700054C9B8 /* Views */,
			);
			path = BBS;
			sourceTree = "<group>";
		};
		BA2B84921DF966700054C9B8 /* Controllers */ = {
			isa = PBXGroup;
			children = (
				BACB09BE1DFF8F110003861B /* JLBBSViewController.h */,
				BACB09BF1DFF8F110003861B /* JLBBSViewController.m */,
			);
			path = Controllers;
			sourceTree = "<group>";
		};
		BA2B84931DF966700054C9B8 /* Models */ = {
			isa = PBXGroup;
			children = (
				BABED9031E05133500B38476 /* JLBBSModel.h */,
				BABED9041E05133500B38476 /* JLBBSModel.m */,
			);
			path = Models;
			sourceTree = "<group>";
		};
		BA2B84941DF966700054C9B8 /* Views */ = {
			isa = PBXGroup;
			children = (
				BAD5429E1E09030F00B99FC0 /* JLBBSTagCell.h */,
				BAD5429F1E09030F00B99FC0 /* JLBBSTagCell.m */,
				BAD542A01E09030F00B99FC0 /* JLBBSTagCell.xib */,
			);
			path = Views;
			sourceTree = "<group>";
		};
		BA2B84951DF966700054C9B8 /* Grab */ = {
			isa = PBXGroup;
			children = (
				BA2B84961DF966700054C9B8 /* Controllers */,
				BA2B84971DF966700054C9B8 /* Models */,
				BA2B84981DF966700054C9B8 /* Views */,
			);
			path = Grab;
			sourceTree = "<group>";
		};
		BA2B84961DF966700054C9B8 /* Controllers */ = {
			isa = PBXGroup;
			children = (
				BAF7A5D21DFF8A1700D83F41 /* JLGrabViewController.h */,
				BAF7A5D31DFF8A1700D83F41 /* JLGrabViewController.m */,
			);
			path = Controllers;
			sourceTree = "<group>";
		};
		BA2B84971DF966700054C9B8 /* Models */ = {
			isa = PBXGroup;
			children = (
			);
			path = Models;
			sourceTree = "<group>";
		};
		BA2B84981DF966700054C9B8 /* Views */ = {
			isa = PBXGroup;
			children = (
			);
			path = Views;
			sourceTree = "<group>";
		};
		BA2B84991DF966700054C9B8 /* Home */ = {
			isa = PBXGroup;
			children = (
				BA2B849A1DF966700054C9B8 /* Controllers */,
				BA2B849B1DF966700054C9B8 /* Models */,
				BA2B849C1DF966700054C9B8 /* Views */,
			);
			path = Home;
			sourceTree = "<group>";
		};
		BA2B849A1DF966700054C9B8 /* Controllers */ = {
			isa = PBXGroup;
			children = (
				BAF7A5CC1DFF895700D83F41 /* JLHomeViewController.h */,
				BAF7A5CD1DFF895700D83F41 /* JLHomeViewController.m */,
			);
			path = Controllers;
			sourceTree = "<group>";
		};
		BA2B849B1DF966700054C9B8 /* Models */ = {
			isa = PBXGroup;
			children = (
				BABED8FD1E05109500B38476 /* JLTradeAlertsModel.h */,
				BABED8FE1E05109500B38476 /* JLTradeAlertsModel.m */,
				BABED9061E0513F600B38476 /* JLFarmModel.h */,
				BABED9071E0513F600B38476 /* JLFarmModel.m */,
				BABED9091E05143600B38476 /* JLOwnerModel.h */,
				BABED90A1E05143600B38476 /* JLOwnerModel.m */,
			);
			path = Models;
			sourceTree = "<group>";
		};
		BA2B849C1DF966700054C9B8 /* Views */ = {
			isa = PBXGroup;
			children = (
			);
			path = Views;
			sourceTree = "<group>";
		};
		BA2B849D1DF966700054C9B8 /* Main */ = {
			isa = PBXGroup;
			children = (
				BA2B849E1DF966700054C9B8 /* Controllers */,
				BA2B849F1DF966700054C9B8 /* Models */,
				BA2B84A01DF966700054C9B8 /* Views */,
			);
			path = Main;
			sourceTree = "<group>";
		};
		BA2B849E1DF966700054C9B8 /* Controllers */ = {
			isa = PBXGroup;
			children = (
				BA5058981DFF8B3300E9C010 /* JLNavigationController.h */,
				BA5058991DFF8B3300E9C010 /* JLNavigationController.m */,
				BA2B84A91DF966D50054C9B8 /* JLTabBarController.h */,
				BA2B84AA1DF966D50054C9B8 /* JLTabBarController.m */,
			);
			path = Controllers;
			sourceTree = "<group>";
		};
		BA2B849F1DF966700054C9B8 /* Models */ = {
			isa = PBXGroup;
			children = (
			);
			path = Models;
			sourceTree = "<group>";
		};
		BA2B84A01DF966700054C9B8 /* Views */ = {
			isa = PBXGroup;
			children = (
			);
			path = Views;
			sourceTree = "<group>";
		};
		BA2B84A11DF966700054C9B8 /* Mine */ = {
			isa = PBXGroup;
			children = (
				BA2B84A21DF966700054C9B8 /* Controllers */,
				BA2B84A31DF966700054C9B8 /* Models */,
				BA2B84A41DF966700054C9B8 /* Views */,
			);
			path = Mine;
			sourceTree = "<group>";
		};
		BA2B84A21DF966700054C9B8 /* Controllers */ = {
			isa = PBXGroup;
			children = (
				BAF7A5D51DFF8A8600D83F41 /* JLMineViewController.h */,
				BAF7A5D61DFF8A8600D83F41 /* JLMineViewController.m */,
				BAD4B9821E03910D0050BCCA /* JLPersonalInfoViewController.h */,
				BAD4B9831E03910D0050BCCA /* JLPersonalInfoViewController.m */,
				BAD4B9841E03910D0050BCCA /* JLPersonalInfoViewController.xib */,
				BAD4B98A1E039D490050BCCA /* JLMineReleaseTaskViewController.h */,
				BAD4B98B1E039D490050BCCA /* JLMineReleaseTaskViewController.m */,
				BAD4B98D1E039DDF0050BCCA /* JLAccountInfoViewController.h */,
				BAD4B98E1E039DDF0050BCCA /* JLAccountInfoViewController.m */,
				BAD4B98F1E039DDF0050BCCA /* JLAccountInfoViewController.xib */,
				BAD4B9921E03C0270050BCCA /* JLIdentityViewController.h */,
				BAD4B9931E03C0270050BCCA /* JLIdentityViewController.m */,
				BAD4B9941E03C0270050BCCA /* JLIdentityViewController.xib */,
				BAD4B9971E03C0560050BCCA /* JLBalancePayViewController.h */,
				BAD4B9981E03C0560050BCCA /* JLBalancePayViewController.m */,
				BAD4B9991E03C0560050BCCA /* JLBalancePayViewController.xib */,
				BAD4B99C1E03C07E0050BCCA /* JLPWDManagementViewController.h */,
				BAD4B99D1E03C07E0050BCCA /* JLPWDManagementViewController.m */,
				BAD4B99E1E03C07E0050BCCA /* JLPWDManagementViewController.xib */,
				BAD4B9A11E03C0A40050BCCA /* JLMineMessagesViewController.h */,
				BAD4B9A21E03C0A40050BCCA /* JLMineMessagesViewController.m */,
				BAD4B9A41E03C0D20050BCCA /* JLRewardsSystemViewController.h */,
				BAD4B9A51E03C0D20050BCCA /* JLRewardsSystemViewController.m */,
				BAD260471E07C7C700B47886 /* JLUserBaseInfoViewController.h */,
				BAD260481E07C7C700B47886 /* JLUserBaseInfoViewController.m */,
			);
			path = Controllers;
			sourceTree = "<group>";
		};
		BA2B84A31DF966700054C9B8 /* Models */ = {
			isa = PBXGroup;
			children = (
				BACB09C31DFF919D0003861B /* JLMineItem.h */,
				BACB09C41DFF919D0003861B /* JLMineItem.m */,
				BAD4B9871E0396F20050BCCA /* JLMineItemViewModel.h */,
				BAD4B9881E0396F20050BCCA /* JLMineItemViewModel.m */,
				BABED8D31E04DC0500B38476 /* JLMineMessageModel.h */,
				BABED8D41E04DC0500B38476 /* JLMineMessageModel.m */,
				BABED8D61E04E67C00B38476 /* JLReleaseTaskModel.h */,
				BABED8D71E04E67C00B38476 /* JLReleaseTaskModel.m */,
			);
			path = Models;
			sourceTree = "<group>";
		};
		BA2B84A41DF966700054C9B8 /* Views */ = {
			isa = PBXGroup;
			children = (
				BACB09C61DFFA76C0003861B /* JLMineInfo.xib */,
				BAD2604C1E07D8E800B47886 /* JLUserBaseInfo.xib */,
			);
			path = Views;
			sourceTree = "<group>";
		};
		BA2B84A51DF966700054C9B8 /* Task */ = {
			isa = PBXGroup;
			children = (
				BA2B84A61DF966700054C9B8 /* Controllers */,
				BA2B84A71DF966700054C9B8 /* Models */,
				BA2B84A81DF966700054C9B8 /* Views */,
			);
			path = Task;
			sourceTree = "<group>";
		};
		BA2B84A61DF966700054C9B8 /* Controllers */ = {
			isa = PBXGroup;
			children = (
				BAF7A5CF1DFF899100D83F41 /* JLTaskViewController.h */,
				BAF7A5D01DFF899100D83F41 /* JLTaskViewController.m */,
			);
			path = Controllers;
			sourceTree = "<group>";
		};
		BA2B84A71DF966700054C9B8 /* Models */ = {
			isa = PBXGroup;
			children = (
			);
			path = Models;
			sourceTree = "<group>";
		};
		BA2B84A81DF966700054C9B8 /* Views */ = {
			isa = PBXGroup;
			children = (
				BAD542A51E092BBC00B99FC0 /* JLReleaseTaskTagCell.h */,
				BAD542A61E092BBC00B99FC0 /* JLReleaseTaskTagCell.m */,
				BAD542A71E092BBC00B99FC0 /* JLReleaseTaskTagCell.xib */,
				62178B501E09844B00A2F649 /* JLReleaseTaskTop.xib */,
			);
			path = Views;
			sourceTree = "<group>";
		};
		BABED8D91E04E76900B38476 /* Libs */ = {
			isa = PBXGroup;
			children = (
				BAD5425A1E08DF5400B99FC0 /* RefreshTools */,
				BABED8DA1E04E79200B38476 /* JsonTools */,
			);
			path = Libs;
			sourceTree = "<group>";
		};
		BABED8DA1E04E79200B38476 /* JsonTools */ = {
			isa = PBXGroup;
			children = (
				BABED8DB1E04E7A500B38476 /* MJExtension */,
			);
			path = JsonTools;
			sourceTree = "<group>";
		};
		BABED8DB1E04E7A500B38476 /* MJExtension */ = {
			isa = PBXGroup;
			children = (
				BABED8DC1E04E7A500B38476 /* Info.plist */,
				BABED8DD1E04E7A500B38476 /* MJExtension.h */,
				BABED8DE1E04E7A500B38476 /* MJExtensionConst.h */,
				BABED8DF1E04E7A500B38476 /* MJExtensionConst.m */,
				BABED8E01E04E7A500B38476 /* MJFoundation.h */,
				BABED8E11E04E7A500B38476 /* MJFoundation.m */,
				BABED8E21E04E7A500B38476 /* MJProperty.h */,
				BABED8E31E04E7A500B38476 /* MJProperty.m */,
				BABED8E41E04E7A500B38476 /* MJPropertyKey.h */,
				BABED8E51E04E7A500B38476 /* MJPropertyKey.m */,
				BABED8E61E04E7A500B38476 /* MJPropertyType.h */,
				BABED8E71E04E7A500B38476 /* MJPropertyType.m */,
				BABED8E81E04E7A500B38476 /* NSObject+MJClass.h */,
				BABED8E91E04E7A500B38476 /* NSObject+MJClass.m */,
				BABED8EA1E04E7A500B38476 /* NSObject+MJCoding.h */,
				BABED8EB1E04E7A500B38476 /* NSObject+MJCoding.m */,
				BABED8EC1E04E7A500B38476 /* NSObject+MJKeyValue.h */,
				BABED8ED1E04E7A500B38476 /* NSObject+MJKeyValue.m */,
				BABED8EE1E04E7A500B38476 /* NSObject+MJProperty.h */,
				BABED8EF1E04E7A500B38476 /* NSObject+MJProperty.m */,
				BABED8F01E04E7A500B38476 /* NSString+MJExtension.h */,
				BABED8F11E04E7A500B38476 /* NSString+MJExtension.m */,
			);
			path = MJExtension;
			sourceTree = "<group>";
		};
		BACB09C81DFFD29D0003861B /* Other */ = {
			isa = PBXGroup;
			children = (
				BACB09C91DFFD2BE0003861B /* Controller */,
				BACB09CA1DFFD2BE0003861B /* Model */,
				BACB09CB1DFFD2BE0003861B /* View */,
			);
			path = Other;
			sourceTree = "<group>";
		};
		BACB09C91DFFD2BE0003861B /* Controller */ = {
			isa = PBXGroup;
			children = (
				BACB09CC1DFFD2E50003861B /* JLLoginViewController.h */,
				BACB09CD1DFFD2E50003861B /* JLLoginViewController.m */,
				BACB09CF1DFFD3010003861B /* JLRegisterViewController.h */,
				BACB09D01DFFD3010003861B /* JLRegisterViewController.m */,
				BAFF394A1E00EC4B008454E7 /* JLRegisterViewController.xib */,
				BAFF39471E00E5BF008454E7 /* JLForgetPWDViewController.h */,
				BAFF39481E00E5BF008454E7 /* JLForgetPWDViewController.m */,
				BACD45C71E029E40007CA568 /* JLForgetPWDViewController.xib */,
			);
			path = Controller;
			sourceTree = "<group>";
		};
		BACB09CA1DFFD2BE0003861B /* Model */ = {
			isa = PBXGroup;
			children = (
				BABED9001E05117E00B38476 /* JLUserModel.h */,
				BABED9011E05117E00B38476 /* JLUserModel.m */,
			);
			path = Model;
			sourceTree = "<group>";
		};
		BACB09CB1DFFD2BE0003861B /* View */ = {
			isa = PBXGroup;
			children = (
			);
			path = View;
			sourceTree = "<group>";
		};
		BAD5425A1E08DF5400B99FC0 /* RefreshTools */ = {
			isa = PBXGroup;
			children = (
				BAD5425B1E08DF5C00B99FC0 /* MJRefresh */,
			);
			path = RefreshTools;
			sourceTree = "<group>";
		};
		BAD5425B1E08DF5C00B99FC0 /* MJRefresh */ = {
			isa = PBXGroup;
			children = (
				BAD5425C1E08DF5C00B99FC0 /* Base */,
				BAD542671E08DF5C00B99FC0 /* Custom */,
				BAD5427E1E08DF5C00B99FC0 /* MJRefresh.bundle */,
				BAD5427F1E08DF5C00B99FC0 /* MJRefresh.h */,
				BAD542801E08DF5C00B99FC0 /* MJRefreshConst.h */,
				BAD542811E08DF5C00B99FC0 /* MJRefreshConst.m */,
				BAD542821E08DF5C00B99FC0 /* NSBundle+MJRefresh.h */,
				BAD542831E08DF5C00B99FC0 /* NSBundle+MJRefresh.m */,
				BAD542841E08DF5C00B99FC0 /* UIScrollView+MJExtension.h */,
				BAD542851E08DF5C00B99FC0 /* UIScrollView+MJExtension.m */,
				BAD542861E08DF5C00B99FC0 /* UIScrollView+MJRefresh.h */,
				BAD542871E08DF5C00B99FC0 /* UIScrollView+MJRefresh.m */,
				BAD542881E08DF5C00B99FC0 /* UIView+MJExtension.h */,
				BAD542891E08DF5C00B99FC0 /* UIView+MJExtension.m */,
			);
			path = MJRefresh;
			sourceTree = "<group>";
		};
		BAD5425C1E08DF5C00B99FC0 /* Base */ = {
			isa = PBXGroup;
			children = (
				BAD5425D1E08DF5C00B99FC0 /* MJRefreshAutoFooter.h */,
				BAD5425E1E08DF5C00B99FC0 /* MJRefreshAutoFooter.m */,
				BAD5425F1E08DF5C00B99FC0 /* MJRefreshBackFooter.h */,
				BAD542601E08DF5C00B99FC0 /* MJRefreshBackFooter.m */,
				BAD542611E08DF5C00B99FC0 /* MJRefreshComponent.h */,
				BAD542621E08DF5C00B99FC0 /* MJRefreshComponent.m */,
				BAD542631E08DF5C00B99FC0 /* MJRefreshFooter.h */,
				BAD542641E08DF5C00B99FC0 /* MJRefreshFooter.m */,
				BAD542651E08DF5C00B99FC0 /* MJRefreshHeader.h */,
				BAD542661E08DF5C00B99FC0 /* MJRefreshHeader.m */,
			);
			path = Base;
			sourceTree = "<group>";
		};
		BAD542671E08DF5C00B99FC0 /* Custom */ = {
			isa = PBXGroup;
			children = (
				BAD542681E08DF5C00B99FC0 /* Footer */,
				BAD542771E08DF5C00B99FC0 /* Header */,
			);
			path = Custom;
			sourceTree = "<group>";
		};
		BAD542681E08DF5C00B99FC0 /* Footer */ = {
			isa = PBXGroup;
			children = (
				BAD542691E08DF5C00B99FC0 /* Auto */,
				BAD542701E08DF5C00B99FC0 /* Back */,
			);
			path = Footer;
			sourceTree = "<group>";
		};
		BAD542691E08DF5C00B99FC0 /* Auto */ = {
			isa = PBXGroup;
			children = (
				BAD5426A1E08DF5C00B99FC0 /* MJRefreshAutoGifFooter.h */,
				BAD5426B1E08DF5C00B99FC0 /* MJRefreshAutoGifFooter.m */,
				BAD5426C1E08DF5C00B99FC0 /* MJRefreshAutoNormalFooter.h */,
				BAD5426D1E08DF5C00B99FC0 /* MJRefreshAutoNormalFooter.m */,
				BAD5426E1E08DF5C00B99FC0 /* MJRefreshAutoStateFooter.h */,
				BAD5426F1E08DF5C00B99FC0 /* MJRefreshAutoStateFooter.m */,
			);
			path = Auto;
			sourceTree = "<group>";
		};
		BAD542701E08DF5C00B99FC0 /* Back */ = {
			isa = PBXGroup;
			children = (
				BAD542711E08DF5C00B99FC0 /* MJRefreshBackGifFooter.h */,
				BAD542721E08DF5C00B99FC0 /* MJRefreshBackGifFooter.m */,
				BAD542731E08DF5C00B99FC0 /* MJRefreshBackNormalFooter.h */,
				BAD542741E08DF5C00B99FC0 /* MJRefreshBackNormalFooter.m */,
				BAD542751E08DF5C00B99FC0 /* MJRefreshBackStateFooter.h */,
				BAD542761E08DF5C00B99FC0 /* MJRefreshBackStateFooter.m */,
			);
			path = Back;
			sourceTree = "<group>";
		};
		BAD542771E08DF5C00B99FC0 /* Header */ = {
			isa = PBXGroup;
			children = (
				BAD542781E08DF5C00B99FC0 /* MJRefreshGifHeader.h */,
				BAD542791E08DF5C00B99FC0 /* MJRefreshGifHeader.m */,
				BAD5427A1E08DF5C00B99FC0 /* MJRefreshNormalHeader.h */,
				BAD5427B1E08DF5C00B99FC0 /* MJRefreshNormalHeader.m */,
				BAD5427C1E08DF5C00B99FC0 /* MJRefreshStateHeader.h */,
				BAD5427D1E08DF5C00B99FC0 /* MJRefreshStateHeader.m */,
			);
			path = Header;
			sourceTree = "<group>";
		};
/* End PBXGroup section */

/* Begin PBXNativeTarget section */
		BA2B844F1DF943E10054C9B8 /* Agriculturalstation */ = {
			isa = PBXNativeTarget;
			buildConfigurationList = BA2B847D1DF943E10054C9B8 /* Build configuration list for PBXNativeTarget "Agriculturalstation" */;
			buildPhases = (
				BA2B844C1DF943E10054C9B8 /* Sources */,
				BA2B844D1DF943E10054C9B8 /* Frameworks */,
				BA2B844E1DF943E10054C9B8 /* Resources */,
			);
			buildRules = (
			);
			dependencies = (
			);
			name = Agriculturalstation;
			productName = Agriculturalstation;
			productReference = BA2B84501DF943E10054C9B8 /* Agriculturalstation.app */;
			productType = "com.apple.product-type.application";
		};
		BA2B84681DF943E10054C9B8 /* AgriculturalstationTests */ = {
			isa = PBXNativeTarget;
			buildConfigurationList = BA2B84801DF943E10054C9B8 /* Build configuration list for PBXNativeTarget "AgriculturalstationTests" */;
			buildPhases = (
				BA2B84651DF943E10054C9B8 /* Sources */,
				BA2B84661DF943E10054C9B8 /* Frameworks */,
				BA2B84671DF943E10054C9B8 /* Resources */,
			);
			buildRules = (
			);
			dependencies = (
				BA2B846B1DF943E10054C9B8 /* PBXTargetDependency */,
			);
			name = AgriculturalstationTests;
			productName = AgriculturalstationTests;
			productReference = BA2B84691DF943E10054C9B8 /* AgriculturalstationTests.xctest */;
			productType = "com.apple.product-type.bundle.unit-test";
		};
		BA2B84731DF943E10054C9B8 /* AgriculturalstationUITests */ = {
			isa = PBXNativeTarget;
			buildConfigurationList = BA2B84831DF943E10054C9B8 /* Build configuration list for PBXNativeTarget "AgriculturalstationUITests" */;
			buildPhases = (
				BA2B84701DF943E10054C9B8 /* Sources */,
				BA2B84711DF943E10054C9B8 /* Frameworks */,
				BA2B84721DF943E10054C9B8 /* Resources */,
			);
			buildRules = (
			);
			dependencies = (
				BA2B84761DF943E10054C9B8 /* PBXTargetDependency */,
			);
			name = AgriculturalstationUITests;
			productName = AgriculturalstationUITests;
			productReference = BA2B84741DF943E10054C9B8 /* AgriculturalstationUITests.xctest */;
			productType = "com.apple.product-type.bundle.ui-testing";
		};
/* End PBXNativeTarget section */

/* Begin PBXProject section */
		BA2B84481DF943E10054C9B8 /* Project object */ = {
			isa = PBXProject;
			attributes = {
				LastUpgradeCheck = 0810;
				ORGANIZATIONNAME = chw;
				TargetAttributes = {
					BA2B844F1DF943E10054C9B8 = {
						CreatedOnToolsVersion = 8.1;
						ProvisioningStyle = Automatic;
					};
					BA2B84681DF943E10054C9B8 = {
						CreatedOnToolsVersion = 8.1;
						ProvisioningStyle = Automatic;
						TestTargetID = BA2B844F1DF943E10054C9B8;
					};
					BA2B84731DF943E10054C9B8 = {
						CreatedOnToolsVersion = 8.1;
						ProvisioningStyle = Automatic;
						TestTargetID = BA2B844F1DF943E10054C9B8;
					};
				};
			};
			buildConfigurationList = BA2B844B1DF943E10054C9B8 /* Build configuration list for PBXProject "Agriculturalstation" */;
			compatibilityVersion = "Xcode 3.2";
			developmentRegion = English;
			hasScannedForEncodings = 0;
			knownRegions = (
				en,
				Base,
			);
			mainGroup = BA2B84471DF943E10054C9B8;
			productRefGroup = BA2B84511DF943E10054C9B8 /* Products */;
			projectDirPath = "";
			projectRoot = "";
			targets = (
				BA2B844F1DF943E10054C9B8 /* Agriculturalstation */,
				BA2B84681DF943E10054C9B8 /* AgriculturalstationTests */,
				BA2B84731DF943E10054C9B8 /* AgriculturalstationUITests */,
			);
		};
/* End PBXProject section */

/* Begin PBXResourcesBuildPhase section */
		BA2B844E1DF943E10054C9B8 /* Resources */ = {
			isa = PBXResourcesBuildPhase;
			buildActionMask = 2147483647;
			files = (
				BAD542A41E091B8300B99FC0 /* BBSModel.plist in Resources */,
				62178B511E09844B00A2F649 /* JLReleaseTaskTop.xib in Resources */,
				BACB09C21DFF8F770003861B /* MineItem.plist in Resources */,
				BAD4B9A01E03C07E0050BCCA /* JLPWDManagementViewController.xib in Resources */,
				BAD4B9911E039DDF0050BCCA /* JLAccountInfoViewController.xib in Resources */,
				BAD4B9961E03C0270050BCCA /* JLIdentityViewController.xib in Resources */,
				BAD542A91E092BBC00B99FC0 /* JLReleaseTaskTagCell.xib in Resources */,
				BACD45C81E029E40007CA568 /* JLForgetPWDViewController.xib in Resources */,
				BAFF394B1E00EC4B008454E7 /* JLRegisterViewController.xib in Resources */,
				BACB09C71DFFA76C0003861B /* JLMineInfo.xib in Resources */,
				BAD4B9861E03910D0050BCCA /* JLPersonalInfoViewController.xib in Resources */,
				BAD542981E08DF5C00B99FC0 /* MJRefresh.bundle in Resources */,
				BAD2604D1E07D8E800B47886 /* JLUserBaseInfo.xib in Resources */,
				BAD542A21E09030F00B99FC0 /* JLBBSTagCell.xib in Resources */,
				BA2B84631DF943E10054C9B8 /* LaunchScreen.storyboard in Resources */,
				BA2B84601DF943E10054C9B8 /* Assets.xcassets in Resources */,
				BA2B845E1DF943E10054C9B8 /* Main.storyboard in Resources */,
				BAD4B99B1E03C0560050BCCA /* JLBalancePayViewController.xib in Resources */,
				BABED8F21E04E7A500B38476 /* Info.plist in Resources */,
			);
			runOnlyForDeploymentPostprocessing = 0;
		};
		BA2B84671DF943E10054C9B8 /* Resources */ = {
			isa = PBXResourcesBuildPhase;
			buildActionMask = 2147483647;
			files = (
			);
			runOnlyForDeploymentPostprocessing = 0;
		};
		BA2B84721DF943E10054C9B8 /* Resources */ = {
			isa = PBXResourcesBuildPhase;
			buildActionMask = 2147483647;
			files = (
			);
			runOnlyForDeploymentPostprocessing = 0;
		};
/* End PBXResourcesBuildPhase section */

/* Begin PBXSourcesBuildPhase section */
		BA2B844C1DF943E10054C9B8 /* Sources */ = {
			isa = PBXSourcesBuildPhase;
			buildActionMask = 2147483647;
			files = (
				BAD542971E08DF5C00B99FC0 /* MJRefreshStateHeader.m in Sources */,
				BAD5429A1E08DF5C00B99FC0 /* NSBundle+MJRefresh.m in Sources */,
				BAD542961E08DF5C00B99FC0 /* MJRefreshNormalHeader.m in Sources */,
				BACB09C01DFF8F110003861B /* JLBBSViewController.m in Sources */,
				BACB09C51DFF919D0003861B /* JLMineItem.m in Sources */,
				BAD4B9951E03C0270050BCCA /* JLIdentityViewController.m in Sources */,
				BAD542921E08DF5C00B99FC0 /* MJRefreshBackGifFooter.m in Sources */,
				BABED8FC1E04E7A500B38476 /* NSString+MJExtension.m in Sources */,
				BABED8F81E04E7A500B38476 /* NSObject+MJClass.m in Sources */,
				BAD542931E08DF5C00B99FC0 /* MJRefreshBackNormalFooter.m in Sources */,
				BABED8FA1E04E7A500B38476 /* NSObject+MJKeyValue.m in Sources */,
				BABED8F41E04E7A500B38476 /* MJFoundation.m in Sources */,
				BAD4B9A31E03C0A40050BCCA /* JLMineMessagesViewController.m in Sources */,
				BABED9021E05117E00B38476 /* JLUserModel.m in Sources */,
				BABED8D81E04E67C00B38476 /* JLReleaseTaskModel.m in Sources */,
				BABED8D51E04DC0500B38476 /* JLMineMessageModel.m in Sources */,
				BAD5428E1E08DF5C00B99FC0 /* MJRefreshHeader.m in Sources */,
				BA2B845B1DF943E10054C9B8 /* ViewController.m in Sources */,
				BA2B84AB1DF966D50054C9B8 /* JLTabBarController.m in Sources */,
				BABED9051E05133500B38476 /* JLBBSModel.m in Sources */,
				BAD5428D1E08DF5C00B99FC0 /* MJRefreshFooter.m in Sources */,
				BACB09D11DFFD3010003861B /* JLRegisterViewController.m in Sources */,
				BACB09CE1DFFD2E50003861B /* JLLoginViewController.m in Sources */,
				BABED8FB1E04E7A500B38476 /* NSObject+MJProperty.m in Sources */,
				BAD4B9901E039DDF0050BCCA /* JLAccountInfoViewController.m in Sources */,
				BAD542991E08DF5C00B99FC0 /* MJRefreshConst.m in Sources */,
				BAF7A5CE1DFF895700D83F41 /* JLHomeViewController.m in Sources */,
				BABED90B1E05143600B38476 /* JLOwnerModel.m in Sources */,
				BAD5429B1E08DF5C00B99FC0 /* UIScrollView+MJExtension.m in Sources */,
				BABED8F61E04E7A500B38476 /* MJPropertyKey.m in Sources */,
				BAD5428B1E08DF5C00B99FC0 /* MJRefreshBackFooter.m in Sources */,
				BAD5429D1E08DF5C00B99FC0 /* UIView+MJExtension.m in Sources */,
				BAD542A11E09030F00B99FC0 /* JLBBSTagCell.m in Sources */,
				BAFF39491E00E5BF008454E7 /* JLForgetPWDViewController.m in Sources */,
				BAD5428A1E08DF5C00B99FC0 /* MJRefreshAutoFooter.m in Sources */,
				BAD542941E08DF5C00B99FC0 /* MJRefreshBackStateFooter.m in Sources */,
				BABED8F71E04E7A500B38476 /* MJPropertyType.m in Sources */,
				BA2B84581DF943E10054C9B8 /* AppDelegate.m in Sources */,
				BABED8F31E04E7A500B38476 /* MJExtensionConst.m in Sources */,
				BAD542A81E092BBC00B99FC0 /* JLReleaseTaskTagCell.m in Sources */,
				BAD542901E08DF5C00B99FC0 /* MJRefreshAutoNormalFooter.m in Sources */,
				BAF7A5D71DFF8A8600D83F41 /* JLMineViewController.m in Sources */,
				BAD5428C1E08DF5C00B99FC0 /* MJRefreshComponent.m in Sources */,
				BAD4B9891E0396F20050BCCA /* JLMineItemViewModel.m in Sources */,
				BAD4B98C1E039D490050BCCA /* JLMineReleaseTaskViewController.m in Sources */,
				BAD5428F1E08DF5C00B99FC0 /* MJRefreshAutoGifFooter.m in Sources */,
				BAF7A5D11DFF899100D83F41 /* JLTaskViewController.m in Sources */,
				BA50589A1DFF8B3300E9C010 /* JLNavigationController.m in Sources */,
				BAD4B99A1E03C0560050BCCA /* JLBalancePayViewController.m in Sources */,
				BAD542951E08DF5C00B99FC0 /* MJRefreshGifHeader.m in Sources */,
				BAD4B9A61E03C0D20050BCCA /* JLRewardsSystemViewController.m in Sources */,
				BABED8F51E04E7A500B38476 /* MJProperty.m in Sources */,
				BAD4B9851E03910D0050BCCA /* JLPersonalInfoViewController.m in Sources */,
				BABED8F91E04E7A500B38476 /* NSObject+MJCoding.m in Sources */,
				BA2B84551DF943E10054C9B8 /* main.m in Sources */,
				BABED8FF1E05109500B38476 /* JLTradeAlertsModel.m in Sources */,
				BAD542911E08DF5C00B99FC0 /* MJRefreshAutoStateFooter.m in Sources */,
				BAD4B99F1E03C07E0050BCCA /* JLPWDManagementViewController.m in Sources */,
				BAD5429C1E08DF5C00B99FC0 /* UIScrollView+MJRefresh.m in Sources */,
				BABED9081E0513F600B38476 /* JLFarmModel.m in Sources */,
				BAF7A5D41DFF8A1700D83F41 /* JLGrabViewController.m in Sources */,
				BAD260491E07C7C700B47886 /* JLUserBaseInfoViewController.m in Sources */,
			);
			runOnlyForDeploymentPostprocessing = 0;
		};
		BA2B84651DF943E10054C9B8 /* Sources */ = {
			isa = PBXSourcesBuildPhase;
			buildActionMask = 2147483647;
			files = (
				BA2B846E1DF943E10054C9B8 /* AgriculturalstationTests.m in Sources */,
			);
			runOnlyForDeploymentPostprocessing = 0;
		};
		BA2B84701DF943E10054C9B8 /* Sources */ = {
			isa = PBXSourcesBuildPhase;
			buildActionMask = 2147483647;
			files = (
				BA2B84791DF943E10054C9B8 /* AgriculturalstationUITests.m in Sources */,
			);
			runOnlyForDeploymentPostprocessing = 0;
		};
/* End PBXSourcesBuildPhase section */

/* Begin PBXTargetDependency section */
		BA2B846B1DF943E10054C9B8 /* PBXTargetDependency */ = {
			isa = PBXTargetDependency;
			target = BA2B844F1DF943E10054C9B8 /* Agriculturalstation */;
			targetProxy = BA2B846A1DF943E10054C9B8 /* PBXContainerItemProxy */;
		};
		BA2B84761DF943E10054C9B8 /* PBXTargetDependency */ = {
			isa = PBXTargetDependency;
			target = BA2B844F1DF943E10054C9B8 /* Agriculturalstation */;
			targetProxy = BA2B84751DF943E10054C9B8 /* PBXContainerItemProxy */;
		};
/* End PBXTargetDependency section */

/* Begin PBXVariantGroup section */
		BA2B845C1DF943E10054C9B8 /* Main.storyboard */ = {
			isa = PBXVariantGroup;
			children = (
				BA2B845D1DF943E10054C9B8 /* Base */,
			);
			name = Main.storyboard;
			sourceTree = "<group>";
		};
		BA2B84611DF943E10054C9B8 /* LaunchScreen.storyboard */ = {
			isa = PBXVariantGroup;
			children = (
				BA2B84621DF943E10054C9B8 /* Base */,
			);
			name = LaunchScreen.storyboard;
			sourceTree = "<group>";
		};
/* End PBXVariantGroup section */

/* Begin XCBuildConfiguration section */
		BA2B847B1DF943E10054C9B8 /* Debug */ = {
			isa = XCBuildConfiguration;
			buildSettings = {
				ALWAYS_SEARCH_USER_PATHS = NO;
				CLANG_ANALYZER_NONNULL = YES;
				CLANG_CXX_LANGUAGE_STANDARD = "gnu++0x";
				CLANG_CXX_LIBRARY = "libc++";
				CLANG_ENABLE_MODULES = YES;
				CLANG_ENABLE_OBJC_ARC = YES;
				CLANG_WARN_BOOL_CONVERSION = YES;
				CLANG_WARN_CONSTANT_CONVERSION = YES;
				CLANG_WARN_DIRECT_OBJC_ISA_USAGE = YES_ERROR;
				CLANG_WARN_DOCUMENTATION_COMMENTS = YES;
				CLANG_WARN_EMPTY_BODY = YES;
				CLANG_WARN_ENUM_CONVERSION = YES;
				CLANG_WARN_INFINITE_RECURSION = YES;
				CLANG_WARN_INT_CONVERSION = YES;
				CLANG_WARN_OBJC_ROOT_CLASS = YES_ERROR;
				CLANG_WARN_SUSPICIOUS_MOVES = YES;
				CLANG_WARN_UNREACHABLE_CODE = YES;
				CLANG_WARN__DUPLICATE_METHOD_MATCH = YES;
				"CODE_SIGN_IDENTITY[sdk=iphoneos*]" = "iPhone Developer";
				COPY_PHASE_STRIP = NO;
				DEBUG_INFORMATION_FORMAT = dwarf;
				ENABLE_STRICT_OBJC_MSGSEND = YES;
				ENABLE_TESTABILITY = YES;
				GCC_C_LANGUAGE_STANDARD = gnu99;
				GCC_DYNAMIC_NO_PIC = NO;
				GCC_NO_COMMON_BLOCKS = YES;
				GCC_OPTIMIZATION_LEVEL = 0;
				GCC_PREPROCESSOR_DEFINITIONS = (
					"DEBUG=1",
					"$(inherited)",
				);
				GCC_WARN_64_TO_32_BIT_CONVERSION = YES;
				GCC_WARN_ABOUT_RETURN_TYPE = YES_ERROR;
				GCC_WARN_UNDECLARED_SELECTOR = YES;
				GCC_WARN_UNINITIALIZED_AUTOS = YES_AGGRESSIVE;
				GCC_WARN_UNUSED_FUNCTION = YES;
				GCC_WARN_UNUSED_VARIABLE = YES;
				IPHONEOS_DEPLOYMENT_TARGET = 10.1;
				MTL_ENABLE_DEBUG_INFO = YES;
				ONLY_ACTIVE_ARCH = YES;
				SDKROOT = iphoneos;
			};
			name = Debug;
		};
		BA2B847C1DF943E10054C9B8 /* Release */ = {
			isa = XCBuildConfiguration;
			buildSettings = {
				ALWAYS_SEARCH_USER_PATHS = NO;
				CLANG_ANALYZER_NONNULL = YES;
				CLANG_CXX_LANGUAGE_STANDARD = "gnu++0x";
				CLANG_CXX_LIBRARY = "libc++";
				CLANG_ENABLE_MODULES = YES;
				CLANG_ENABLE_OBJC_ARC = YES;
				CLANG_WARN_BOOL_CONVERSION = YES;
				CLANG_WARN_CONSTANT_CONVERSION = YES;
				CLANG_WARN_DIRECT_OBJC_ISA_USAGE = YES_ERROR;
				CLANG_WARN_DOCUMENTATION_COMMENTS = YES;
				CLANG_WARN_EMPTY_BODY = YES;
				CLANG_WARN_ENUM_CONVERSION = YES;
				CLANG_WARN_INFINITE_RECURSION = YES;
				CLANG_WARN_INT_CONVERSION = YES;
				CLANG_WARN_OBJC_ROOT_CLASS = YES_ERROR;
				CLANG_WARN_SUSPICIOUS_MOVES = YES;
				CLANG_WARN_UNREACHABLE_CODE = YES;
				CLANG_WARN__DUPLICATE_METHOD_MATCH = YES;
				"CODE_SIGN_IDENTITY[sdk=iphoneos*]" = "iPhone Developer";
				COPY_PHASE_STRIP = NO;
				DEBUG_INFORMATION_FORMAT = "dwarf-with-dsym";
				ENABLE_NS_ASSERTIONS = NO;
				ENABLE_STRICT_OBJC_MSGSEND = YES;
				GCC_C_LANGUAGE_STANDARD = gnu99;
				GCC_NO_COMMON_BLOCKS = YES;
				GCC_WARN_64_TO_32_BIT_CONVERSION = YES;
				GCC_WARN_ABOUT_RETURN_TYPE = YES_ERROR;
				GCC_WARN_UNDECLARED_SELECTOR = YES;
				GCC_WARN_UNINITIALIZED_AUTOS = YES_AGGRESSIVE;
				GCC_WARN_UNUSED_FUNCTION = YES;
				GCC_WARN_UNUSED_VARIABLE = YES;
				IPHONEOS_DEPLOYMENT_TARGET = 10.1;
				MTL_ENABLE_DEBUG_INFO = NO;
				SDKROOT = iphoneos;
				VALIDATE_PRODUCT = YES;
			};
			name = Release;
		};
		BA2B847E1DF943E10054C9B8 /* Debug */ = {
			isa = XCBuildConfiguration;
			buildSettings = {
				ASSETCATALOG_COMPILER_APPICON_NAME = AppIcon;
				ASSETCATALOG_COMPILER_LAUNCHIMAGE_NAME = LaunchImage;
				DEVELOPMENT_TEAM = "";
				GCC_PRECOMPILE_PREFIX_HEADER = NO;
				GCC_PREFIX_HEADER = "$(SRCROOT)/Agriculturalstation/Agriculturalstation.pch";
				INFOPLIST_FILE = Agriculturalstation/Info.plist;
				IPHONEOS_DEPLOYMENT_TARGET = 8.1;
				LD_RUNPATH_SEARCH_PATHS = "$(inherited) @executable_path/Frameworks";
				PRODUCT_BUNDLE_IDENTIFIER = com.jielang.Agriculturalstation;
				PRODUCT_NAME = "$(TARGET_NAME)";
			};
			name = Debug;
		};
		BA2B847F1DF943E10054C9B8 /* Release */ = {
			isa = XCBuildConfiguration;
			buildSettings = {
				ASSETCATALOG_COMPILER_APPICON_NAME = AppIcon;
				ASSETCATALOG_COMPILER_LAUNCHIMAGE_NAME = LaunchImage;
				DEVELOPMENT_TEAM = "";
				GCC_PRECOMPILE_PREFIX_HEADER = NO;
				GCC_PREFIX_HEADER = "$(SRCROOT)/Agriculturalstation/Agriculturalstation.pch";
				INFOPLIST_FILE = Agriculturalstation/Info.plist;
				IPHONEOS_DEPLOYMENT_TARGET = 8.1;
				LD_RUNPATH_SEARCH_PATHS = "$(inherited) @executable_path/Frameworks";
				PRODUCT_BUNDLE_IDENTIFIER = com.jielang.Agriculturalstation;
				PRODUCT_NAME = "$(TARGET_NAME)";
			};
			name = Release;
		};
		BA2B84811DF943E10054C9B8 /* Debug */ = {
			isa = XCBuildConfiguration;
			buildSettings = {
				BUNDLE_LOADER = "$(TEST_HOST)";
				INFOPLIST_FILE = AgriculturalstationTests/Info.plist;
				LD_RUNPATH_SEARCH_PATHS = "$(inherited) @executable_path/Frameworks @loader_path/Frameworks";
				PRODUCT_BUNDLE_IDENTIFIER = com.jielang.AgriculturalstationTests;
				PRODUCT_NAME = "$(TARGET_NAME)";
				TEST_HOST = "$(BUILT_PRODUCTS_DIR)/Agriculturalstation.app/Agriculturalstation";
			};
			name = Debug;
		};
		BA2B84821DF943E10054C9B8 /* Release */ = {
			isa = XCBuildConfiguration;
			buildSettings = {
				BUNDLE_LOADER = "$(TEST_HOST)";
				INFOPLIST_FILE = AgriculturalstationTests/Info.plist;
				LD_RUNPATH_SEARCH_PATHS = "$(inherited) @executable_path/Frameworks @loader_path/Frameworks";
				PRODUCT_BUNDLE_IDENTIFIER = com.jielang.AgriculturalstationTests;
				PRODUCT_NAME = "$(TARGET_NAME)";
				TEST_HOST = "$(BUILT_PRODUCTS_DIR)/Agriculturalstation.app/Agriculturalstation";
			};
			name = Release;
		};
		BA2B84841DF943E10054C9B8 /* Debug */ = {
			isa = XCBuildConfiguration;
			buildSettings = {
				INFOPLIST_FILE = AgriculturalstationUITests/Info.plist;
				LD_RUNPATH_SEARCH_PATHS = "$(inherited) @executable_path/Frameworks @loader_path/Frameworks";
				PRODUCT_BUNDLE_IDENTIFIER = com.jielang.AgriculturalstationUITests;
				PRODUCT_NAME = "$(TARGET_NAME)";
				TEST_TARGET_NAME = Agriculturalstation;
			};
			name = Debug;
		};
		BA2B84851DF943E10054C9B8 /* Release */ = {
			isa = XCBuildConfiguration;
			buildSettings = {
				INFOPLIST_FILE = AgriculturalstationUITests/Info.plist;
				LD_RUNPATH_SEARCH_PATHS = "$(inherited) @executable_path/Frameworks @loader_path/Frameworks";
				PRODUCT_BUNDLE_IDENTIFIER = com.jielang.AgriculturalstationUITests;
				PRODUCT_NAME = "$(TARGET_NAME)";
				TEST_TARGET_NAME = Agriculturalstation;
			};
			name = Release;
		};
/* End XCBuildConfiguration section */

/* Begin XCConfigurationList section */
		BA2B844B1DF943E10054C9B8 /* Build configuration list for PBXProject "Agriculturalstation" */ = {
			isa = XCConfigurationList;
			buildConfigurations = (
				BA2B847B1DF943E10054C9B8 /* Debug */,
				BA2B847C1DF943E10054C9B8 /* Release */,
			);
			defaultConfigurationIsVisible = 0;
			defaultConfigurationName = Release;
		};
		BA2B847D1DF943E10054C9B8 /* Build configuration list for PBXNativeTarget "Agriculturalstation" */ = {
			isa = XCConfigurationList;
			buildConfigurations = (
				BA2B847E1DF943E10054C9B8 /* Debug */,
				BA2B847F1DF943E10054C9B8 /* Release */,
			);
			defaultConfigurationIsVisible = 0;
			defaultConfigurationName = Release;
		};
		BA2B84801DF943E10054C9B8 /* Build configuration list for PBXNativeTarget "AgriculturalstationTests" */ = {
			isa = XCConfigurationList;
			buildConfigurations = (
				BA2B84811DF943E10054C9B8 /* Debug */,
				BA2B84821DF943E10054C9B8 /* Release */,
			);
			defaultConfigurationIsVisible = 0;
			defaultConfigurationName = Release;
		};
		BA2B84831DF943E10054C9B8 /* Build configuration list for PBXNativeTarget "AgriculturalstationUITests" */ = {
			isa = XCConfigurationList;
			buildConfigurations = (
				BA2B84841DF943E10054C9B8 /* Debug */,
				BA2B84851DF943E10054C9B8 /* Release */,
			);
			defaultConfigurationIsVisible = 0;
			defaultConfigurationName = Release;
		};
/* End XCConfigurationList section */
	};
	rootObject = BA2B84481DF943E10054C9B8 /* Project object */;
}
